// !$*UTF8*$!
{
	archiveVersion = 1;
	classes = {
	};
	objectVersion = 47;
	objects = {

/* Begin PBXBuildFile section */
		36065CED1B92522800AF0102 /* HighFiApi.swift in Sources */ = {isa = PBXBuildFile; fileRef = 36065CEC1B92522800AF0102 /* HighFiApi.swift */; };
		360B4E311B4C69D70019FA1F /* SettingsViewController.swift in Sources */ = {isa = PBXBuildFile; fileRef = 360B4E301B4C69D70019FA1F /* SettingsViewController.swift */; };
		360F97D81BD6D77C00D9EB38 /* HideCategoryViewController.swift in Sources */ = {isa = PBXBuildFile; fileRef = 360F97D71BD6D77C00D9EB38 /* HideCategoryViewController.swift */; };
		3611412A1B408A85001A6BA4 /* Settings.swift in Sources */ = {isa = PBXBuildFile; fileRef = 361141291B408A85001A6BA4 /* Settings.swift */; };
		3611412F1B409459001A6BA4 /* InfoController.swift in Sources */ = {isa = PBXBuildFile; fileRef = 3611412E1B409459001A6BA4 /* InfoController.swift */; };
		361DEC6F1B43FE1C004014C4 /* OrderedDictionary.swift in Sources */ = {isa = PBXBuildFile; fileRef = 361DEC6E1B43FE1C004014C4 /* OrderedDictionary.swift */; };
		361E2F851C162C6D00D27F7C /* ios-star-outline.png in Resources */ = {isa = PBXBuildFile; fileRef = 361E2F841C162C6D00D27F7C /* ios-star-outline.png */; };
		36221F091B3F385F00CB10AB /* app-logo_40x40.png in Resources */ = {isa = PBXBuildFile; fileRef = 36221F081B3F385F00CB10AB /* app-logo_40x40.png */; };
		36221F0E1B3F3DF000CB10AB /* app-logo_1024x1024.png in Resources */ = {isa = PBXBuildFile; fileRef = 36221F0D1B3F3DF000CB10AB /* app-logo_1024x1024.png */; };
		3631CA5F1BEA6BF500C5A0BD /* Language.swift in Sources */ = {isa = PBXBuildFile; fileRef = 3631CA5E1BEA6BF500C5A0BD /* Language.swift */; };
		3631CA611BEA6C0A00C5A0BD /* Category.swift in Sources */ = {isa = PBXBuildFile; fileRef = 3631CA601BEA6C0A00C5A0BD /* Category.swift */; };
		3631CA631BEA6C1D00C5A0BD /* Entry.swift in Sources */ = {isa = PBXBuildFile; fileRef = 3631CA621BEA6C1D00C5A0BD /* Entry.swift */; };
		364E87301BDFEE5A003F2EE5 /* Shared.swift in Sources */ = {isa = PBXBuildFile; fileRef = 364E872F1BDFEE5A003F2EE5 /* Shared.swift */; };
		364F067A1BC456FC00362DF6 /* FavoriteCategoriesViewController.swift in Sources */ = {isa = PBXBuildFile; fileRef = 364F06791BC456FC00362DF6 /* FavoriteCategoriesViewController.swift */; };
		3650D7871B9312B000A4D528 /* Localizable.strings in Resources */ = {isa = PBXBuildFile; fileRef = 3650D7801B9312B000A4D528 /* Localizable.strings */; };
		3650D7881B9312B000A4D528 /* Localizable.strings in Resources */ = {isa = PBXBuildFile; fileRef = 3650D7831B9312B000A4D528 /* Localizable.strings */; };
		365A045B1B3EB9090032C5B6 /* EntryCell.swift in Sources */ = {isa = PBXBuildFile; fileRef = 365A045A1B3EB9090032C5B6 /* EntryCell.swift */; };
		366D94C81C06547B00E84284 /* NewsSources.swift in Sources */ = {isa = PBXBuildFile; fileRef = 366D94C71C06547B00E84284 /* NewsSources.swift */; };
		366D94CA1C06556B00E84284 /* FilterNewsSourcesViewController.swift in Sources */ = {isa = PBXBuildFile; fileRef = 366D94C91C06556B00E84284 /* FilterNewsSourcesViewController.swift */; };
		36778F7B1B3760C000F387E0 /* Default-375w-667h@2x~iphone.png in Resources */ = {isa = PBXBuildFile; fileRef = 36778F701B3760C000F387E0 /* Default-375w-667h@2x~iphone.png */; };
		36778F7C1B3760C000F387E0 /* Default-414w-736h@3x~iphone.png in Resources */ = {isa = PBXBuildFile; fileRef = 36778F711B3760C000F387E0 /* Default-414w-736h@3x~iphone.png */; };
		36778F7D1B3760C000F387E0 /* Default-568h@2x~iphone.png in Resources */ = {isa = PBXBuildFile; fileRef = 36778F721B3760C000F387E0 /* Default-568h@2x~iphone.png */; };
		36778F7E1B3760C000F387E0 /* Default-667h@2x~iphone.png in Resources */ = {isa = PBXBuildFile; fileRef = 36778F731B3760C000F387E0 /* Default-667h@2x~iphone.png */; };
		36778F7F1B3760C000F387E0 /* Default-736h@3x~iphone.png in Resources */ = {isa = PBXBuildFile; fileRef = 36778F741B3760C000F387E0 /* Default-736h@3x~iphone.png */; };
		36778F801B3760C000F387E0 /* Default-Landscape@2x~ipad.png in Resources */ = {isa = PBXBuildFile; fileRef = 36778F751B3760C000F387E0 /* Default-Landscape@2x~ipad.png */; };
		36778F811B3760C000F387E0 /* Default-Landscape@3x.png in Resources */ = {isa = PBXBuildFile; fileRef = 36778F761B3760C000F387E0 /* Default-Landscape@3x.png */; };
		36778F821B3760C000F387E0 /* Default-Landscape~ipad.png in Resources */ = {isa = PBXBuildFile; fileRef = 36778F771B3760C000F387E0 /* Default-Landscape~ipad.png */; };
		36778F831B3760C000F387E0 /* Default-Portrait@2x~ipad.png in Resources */ = {isa = PBXBuildFile; fileRef = 36778F781B3760C000F387E0 /* Default-Portrait@2x~ipad.png */; };
		36778F841B3760C000F387E0 /* Default-Portrait~ipad.png in Resources */ = {isa = PBXBuildFile; fileRef = 36778F791B3760C000F387E0 /* Default-Portrait~ipad.png */; };
		36778F851B3760C000F387E0 /* Default@2x~iphone.png in Resources */ = {isa = PBXBuildFile; fileRef = 36778F7A1B3760C000F387E0 /* Default@2x~iphone.png */; };
		36778F881B37651000F387E0 /* iTunesArtwork.png in Resources */ = {isa = PBXBuildFile; fileRef = 36778F861B37651000F387E0 /* iTunesArtwork.png */; };
		36778F891B37651000F387E0 /* iTunesArtwork@2x.png in Resources */ = {isa = PBXBuildFile; fileRef = 36778F871B37651000F387E0 /* iTunesArtwork@2x.png */; };
		367BAD201D1874B600F6B949 /* NotificationCenter.framework in Frameworks */ = {isa = PBXBuildFile; fileRef = 367BAD1F1D1874B600F6B949 /* NotificationCenter.framework */; };
		367BAD231D1874B600F6B949 /* TodayViewController.swift in Sources */ = {isa = PBXBuildFile; fileRef = 367BAD221D1874B600F6B949 /* TodayViewController.swift */; };
		367BAD261D1874B600F6B949 /* MainInterface.storyboard in Resources */ = {isa = PBXBuildFile; fileRef = 367BAD241D1874B600F6B949 /* MainInterface.storyboard */; };
		367BAD2A1D1874B600F6B949 /* NewsWidget.appex in Embed App Extensions */ = {isa = PBXBuildFile; fileRef = 367BAD1E1D1874B600F6B949 /* NewsWidget.appex */; settings = {ATTRIBUTES = (RemoveHeadersOnCopy, ); }; };
		367BAD371D18813200F6B949 /* HighFiApi.swift in Sources */ = {isa = PBXBuildFile; fileRef = 36065CEC1B92522800AF0102 /* HighFiApi.swift */; };
		367BAD381D18814900F6B949 /* Entry.swift in Sources */ = {isa = PBXBuildFile; fileRef = 3631CA621BEA6C1D00C5A0BD /* Entry.swift */; };
		367BAD391D18815500F6B949 /* Settings.swift in Sources */ = {isa = PBXBuildFile; fileRef = 361141291B408A85001A6BA4 /* Settings.swift */; };
		367BAD3E1D1883F900F6B949 /* Shared.swift in Sources */ = {isa = PBXBuildFile; fileRef = 364E872F1BDFEE5A003F2EE5 /* Shared.swift */; };
		367BAD431D188B6300F6B949 /* TodayEntryCell.swift in Sources */ = {isa = PBXBuildFile; fileRef = 367BAD421D188B6300F6B949 /* TodayEntryCell.swift */; };
		367BAD451D189E8100F6B949 /* Language.swift in Sources */ = {isa = PBXBuildFile; fileRef = 3631CA5E1BEA6BF500C5A0BD /* Language.swift */; };
		367BAD461D189E8300F6B949 /* Category.swift in Sources */ = {isa = PBXBuildFile; fileRef = 3631CA601BEA6C0A00C5A0BD /* Category.swift */; };
		367BAD471D189E8600F6B949 /* NewsSources.swift in Sources */ = {isa = PBXBuildFile; fileRef = 366D94C71C06547B00E84284 /* NewsSources.swift */; };
		369AAEE61BF29DE10038EDA2 /* HighkaraUITests.swift in Sources */ = {isa = PBXBuildFile; fileRef = 369AAEE51BF29DE10038EDA2 /* HighkaraUITests.swift */; };
		36A39C0F1B2E0AE900BE0C77 /* AppDelegate.swift in Sources */ = {isa = PBXBuildFile; fileRef = 36A39C0E1B2E0AE900BE0C77 /* AppDelegate.swift */; };
		36A39C141B2E0AE900BE0C77 /* Main.storyboard in Resources */ = {isa = PBXBuildFile; fileRef = 36A39C121B2E0AE900BE0C77 /* Main.storyboard */; };
		36A39C161B2E0AE900BE0C77 /* Images.xcassets in Resources */ = {isa = PBXBuildFile; fileRef = 36A39C151B2E0AE900BE0C77 /* Images.xcassets */; };
		36A39C251B2E0AE900BE0C77 /* HaikaraTests.swift in Sources */ = {isa = PBXBuildFile; fileRef = 36A39C241B2E0AE900BE0C77 /* HaikaraTests.swift */; };
		36AA1A791C66900C008268B3 /* TouchableTextView.swift in Sources */ = {isa = PBXBuildFile; fileRef = 36AA1A781C66900C008268B3 /* TouchableTextView.swift */; };
		36AA7DD51C67536D00EC2C23 /* MasterViewController+UIViewControllerPreview.swift in Sources */ = {isa = PBXBuildFile; fileRef = 36AA7DD41C67536D00EC2C23 /* MasterViewController+UIViewControllerPreview.swift */; };
		36B0D0EE1C676609002127D4 /* DetailViewController+UIViewControllerPreview.swift in Sources */ = {isa = PBXBuildFile; fileRef = 36B0D0ED1C676609002127D4 /* DetailViewController+UIViewControllerPreview.swift */; };
		36B3F4391B9B0BBC0095F85A /* ionicons.ttf in Resources */ = {isa = PBXBuildFile; fileRef = 36B3F4381B9B0BBC0095F85A /* ionicons.ttf */; };
		36B3F4401B9B106F0095F85A /* Iconfonts-ionicons.swift in Sources */ = {isa = PBXBuildFile; fileRef = 36B3F43F1B9B106F0095F85A /* Iconfonts-ionicons.swift */; };
		36B3F4421B9B19D70095F85A /* ios-gear-outline.png in Resources */ = {isa = PBXBuildFile; fileRef = 36B3F4411B9B19D70095F85A /* ios-gear-outline.png */; };
		36B3F4451B9B1B0A0095F85A /* ios-funnel.png in Resources */ = {isa = PBXBuildFile; fileRef = 36B3F4431B9B1B0A0095F85A /* ios-funnel.png */; };
		36B3F4461B9B1B0A0095F85A /* ios-list-outline.png in Resources */ = {isa = PBXBuildFile; fileRef = 36B3F4441B9B1B0A0095F85A /* ios-list-outline.png */; };
		36C04C951B2F65DD000921A7 /* NewsItemViewController.swift in Sources */ = {isa = PBXBuildFile; fileRef = 36C04C941B2F65DD000921A7 /* NewsItemViewController.swift */; };
		36C1AFF21B2E32A400D87522 /* DetailViewController.swift in Sources */ = {isa = PBXBuildFile; fileRef = 36C1AFF11B2E32A400D87522 /* DetailViewController.swift */; };
		36EAF6E01B3DF58A00FAD6EC /* MasterViewController.swift in Sources */ = {isa = PBXBuildFile; fileRef = 36EAF6DF1B3DF58A00FAD6EC /* MasterViewController.swift */; };
		36EE9FA41C4A506600EE8E25 /* SCModalPushPopAnimator.swift in Sources */ = {isa = PBXBuildFile; fileRef = 36EE9FA31C4A506600EE8E25 /* SCModalPushPopAnimator.swift */; };
		36F0E84F1C03B7880081F10B /* Theme.swift in Sources */ = {isa = PBXBuildFile; fileRef = 36F0E84E1C03B7880081F10B /* Theme.swift */; };
		DDEE4C2BED84A92BF91E84D3 /* Pods.framework in Frameworks */ = {isa = PBXBuildFile; fileRef = 53974A5916078384EF46D640 /* Pods.framework */; };
/* End PBXBuildFile section */

/* Begin PBXContainerItemProxy section */
		367BAD281D1874B600F6B949 /* PBXContainerItemProxy */ = {
			isa = PBXContainerItemProxy;
			containerPortal = 36A39C011B2E0AE900BE0C77 /* Project object */;
			proxyType = 1;
			remoteGlobalIDString = 367BAD1D1D1874B600F6B949;
			remoteInfo = NewsWidget;
		};
		369AAEE81BF29DE10038EDA2 /* PBXContainerItemProxy */ = {
			isa = PBXContainerItemProxy;
			containerPortal = 36A39C011B2E0AE900BE0C77 /* Project object */;
			proxyType = 1;
			remoteGlobalIDString = 36A39C081B2E0AE900BE0C77;
			remoteInfo = highkara;
		};
		36A39C1F1B2E0AE900BE0C77 /* PBXContainerItemProxy */ = {
			isa = PBXContainerItemProxy;
			containerPortal = 36A39C011B2E0AE900BE0C77 /* Project object */;
			proxyType = 1;
			remoteGlobalIDString = 36A39C081B2E0AE900BE0C77;
			remoteInfo = Haikara;
		};
/* End PBXContainerItemProxy section */

/* Begin PBXCopyFilesBuildPhase section */
		367BAD2E1D1874B600F6B949 /* Embed App Extensions */ = {
			isa = PBXCopyFilesBuildPhase;
			buildActionMask = 2147483647;
			dstPath = "";
			dstSubfolderSpec = 13;
			files = (
				367BAD2A1D1874B600F6B949 /* NewsWidget.appex in Embed App Extensions */,
			);
			name = "Embed App Extensions";
			runOnlyForDeploymentPostprocessing = 0;
		};
/* End PBXCopyFilesBuildPhase section */

/* Begin PBXFileReference section */
		218BF84A5EB87E4C30FFFC43 /* Pods.debug.xcconfig */ = {isa = PBXFileReference; includeInIndex = 1; lastKnownFileType = text.xcconfig; name = Pods.debug.xcconfig; path = "Pods/Target Support Files/Pods/Pods.debug.xcconfig"; sourceTree = "<group>"; };
		36065CEC1B92522800AF0102 /* HighFiApi.swift */ = {isa = PBXFileReference; fileEncoding = 4; lastKnownFileType = sourcecode.swift; path = HighFiApi.swift; sourceTree = "<group>"; };
		360B4E301B4C69D70019FA1F /* SettingsViewController.swift */ = {isa = PBXFileReference; fileEncoding = 4; lastKnownFileType = sourcecode.swift; path = SettingsViewController.swift; sourceTree = "<group>"; };
		360F97D71BD6D77C00D9EB38 /* HideCategoryViewController.swift */ = {isa = PBXFileReference; fileEncoding = 4; lastKnownFileType = sourcecode.swift; path = HideCategoryViewController.swift; sourceTree = "<group>"; };
		361141291B408A85001A6BA4 /* Settings.swift */ = {isa = PBXFileReference; fileEncoding = 4; lastKnownFileType = sourcecode.swift; path = Settings.swift; sourceTree = "<group>"; };
		3611412E1B409459001A6BA4 /* InfoController.swift */ = {isa = PBXFileReference; fileEncoding = 4; lastKnownFileType = sourcecode.swift; path = InfoController.swift; sourceTree = "<group>"; };
		361DEC6E1B43FE1C004014C4 /* OrderedDictionary.swift */ = {isa = PBXFileReference; fileEncoding = 4; lastKnownFileType = sourcecode.swift; path = OrderedDictionary.swift; sourceTree = "<group>"; };
		361E2F841C162C6D00D27F7C /* ios-star-outline.png */ = {isa = PBXFileReference; lastKnownFileType = image.png; path = "ios-star-outline.png"; sourceTree = "<group>"; };
		361E2F871C1633FF00D27F7C /* fi */ = {isa = PBXFileReference; lastKnownFileType = text.plist.strings; name = fi; path = fi.lproj/Main.strings; sourceTree = "<group>"; };
		36221F081B3F385F00CB10AB /* app-logo_40x40.png */ = {isa = PBXFileReference; lastKnownFileType = image.png; path = "app-logo_40x40.png"; sourceTree = "<group>"; };
		36221F0D1B3F3DF000CB10AB /* app-logo_1024x1024.png */ = {isa = PBXFileReference; lastKnownFileType = image.png; path = "app-logo_1024x1024.png"; sourceTree = "<group>"; };
		3631CA5E1BEA6BF500C5A0BD /* Language.swift */ = {isa = PBXFileReference; fileEncoding = 4; lastKnownFileType = sourcecode.swift; path = Language.swift; sourceTree = "<group>"; };
		3631CA601BEA6C0A00C5A0BD /* Category.swift */ = {isa = PBXFileReference; fileEncoding = 4; lastKnownFileType = sourcecode.swift; path = Category.swift; sourceTree = "<group>"; };
		3631CA621BEA6C1D00C5A0BD /* Entry.swift */ = {isa = PBXFileReference; fileEncoding = 4; lastKnownFileType = sourcecode.swift; path = Entry.swift; sourceTree = "<group>"; };
		364E872F1BDFEE5A003F2EE5 /* Shared.swift */ = {isa = PBXFileReference; fileEncoding = 4; lastKnownFileType = sourcecode.swift; path = Shared.swift; sourceTree = "<group>"; };
		364F06791BC456FC00362DF6 /* FavoriteCategoriesViewController.swift */ = {isa = PBXFileReference; fileEncoding = 4; lastKnownFileType = sourcecode.swift; path = FavoriteCategoriesViewController.swift; sourceTree = "<group>"; };
		3650D7811B9312B000A4D528 /* en */ = {isa = PBXFileReference; lastKnownFileType = text.plist.strings; name = en; path = Localizable.strings; sourceTree = "<group>"; };
		3650D7841B9312B000A4D528 /* fi */ = {isa = PBXFileReference; lastKnownFileType = text.plist.strings; name = fi; path = Localizable.strings; sourceTree = "<group>"; };
		365A045A1B3EB9090032C5B6 /* EntryCell.swift */ = {isa = PBXFileReference; fileEncoding = 4; lastKnownFileType = sourcecode.swift; path = EntryCell.swift; sourceTree = "<group>"; };
		366D94C71C06547B00E84284 /* NewsSources.swift */ = {isa = PBXFileReference; fileEncoding = 4; lastKnownFileType = sourcecode.swift; path = NewsSources.swift; sourceTree = "<group>"; };
		366D94C91C06556B00E84284 /* FilterNewsSourcesViewController.swift */ = {isa = PBXFileReference; fileEncoding = 4; lastKnownFileType = sourcecode.swift; path = FilterNewsSourcesViewController.swift; sourceTree = "<group>"; };
		36778F701B3760C000F387E0 /* Default-375w-667h@2x~iphone.png */ = {isa = PBXFileReference; lastKnownFileType = image.png; path = "Default-375w-667h@2x~iphone.png"; sourceTree = "<group>"; };
		36778F711B3760C000F387E0 /* Default-414w-736h@3x~iphone.png */ = {isa = PBXFileReference; lastKnownFileType = image.png; path = "Default-414w-736h@3x~iphone.png"; sourceTree = "<group>"; };
		36778F721B3760C000F387E0 /* Default-568h@2x~iphone.png */ = {isa = PBXFileReference; lastKnownFileType = image.png; path = "Default-568h@2x~iphone.png"; sourceTree = "<group>"; };
		36778F731B3760C000F387E0 /* Default-667h@2x~iphone.png */ = {isa = PBXFileReference; lastKnownFileType = image.png; path = "Default-667h@2x~iphone.png"; sourceTree = "<group>"; };
		36778F741B3760C000F387E0 /* Default-736h@3x~iphone.png */ = {isa = PBXFileReference; lastKnownFileType = image.png; path = "Default-736h@3x~iphone.png"; sourceTree = "<group>"; };
		36778F751B3760C000F387E0 /* Default-Landscape@2x~ipad.png */ = {isa = PBXFileReference; lastKnownFileType = image.png; path = "Default-Landscape@2x~ipad.png"; sourceTree = "<group>"; };
		36778F761B3760C000F387E0 /* Default-Landscape@3x.png */ = {isa = PBXFileReference; lastKnownFileType = image.png; path = "Default-Landscape@3x.png"; sourceTree = "<group>"; };
		36778F771B3760C000F387E0 /* Default-Landscape~ipad.png */ = {isa = PBXFileReference; lastKnownFileType = image.png; path = "Default-Landscape~ipad.png"; sourceTree = "<group>"; };
		36778F781B3760C000F387E0 /* Default-Portrait@2x~ipad.png */ = {isa = PBXFileReference; lastKnownFileType = image.png; path = "Default-Portrait@2x~ipad.png"; sourceTree = "<group>"; };
		36778F791B3760C000F387E0 /* Default-Portrait~ipad.png */ = {isa = PBXFileReference; lastKnownFileType = image.png; path = "Default-Portrait~ipad.png"; sourceTree = "<group>"; };
		36778F7A1B3760C000F387E0 /* Default@2x~iphone.png */ = {isa = PBXFileReference; lastKnownFileType = image.png; path = "Default@2x~iphone.png"; sourceTree = "<group>"; };
		36778F861B37651000F387E0 /* iTunesArtwork.png */ = {isa = PBXFileReference; lastKnownFileType = image.png; path = iTunesArtwork.png; sourceTree = "<group>"; };
		36778F871B37651000F387E0 /* iTunesArtwork@2x.png */ = {isa = PBXFileReference; lastKnownFileType = image.png; path = "iTunesArtwork@2x.png"; sourceTree = "<group>"; };
		367BAD1E1D1874B600F6B949 /* NewsWidget.appex */ = {isa = PBXFileReference; explicitFileType = "wrapper.app-extension"; includeInIndex = 0; path = NewsWidget.appex; sourceTree = BUILT_PRODUCTS_DIR; };
		367BAD1F1D1874B600F6B949 /* NotificationCenter.framework */ = {isa = PBXFileReference; lastKnownFileType = wrapper.framework; name = NotificationCenter.framework; path = System/Library/Frameworks/NotificationCenter.framework; sourceTree = SDKROOT; };
		367BAD221D1874B600F6B949 /* TodayViewController.swift */ = {isa = PBXFileReference; lastKnownFileType = sourcecode.swift; path = TodayViewController.swift; sourceTree = "<group>"; };
		367BAD251D1874B600F6B949 /* Base */ = {isa = PBXFileReference; lastKnownFileType = file.storyboard; name = Base; path = Base.lproj/MainInterface.storyboard; sourceTree = "<group>"; };
		367BAD271D1874B600F6B949 /* Info.plist */ = {isa = PBXFileReference; lastKnownFileType = text.plist.xml; path = Info.plist; sourceTree = "<group>"; };
		367BAD2F1D1874FC00F6B949 /* highkara.entitlements */ = {isa = PBXFileReference; lastKnownFileType = text.xml; path = highkara.entitlements; sourceTree = "<group>"; };
		367BAD301D18750E00F6B949 /* NewsWidget.entitlements */ = {isa = PBXFileReference; lastKnownFileType = text.xml; path = NewsWidget.entitlements; sourceTree = "<group>"; };
		367BAD421D188B6300F6B949 /* TodayEntryCell.swift */ = {isa = PBXFileReference; fileEncoding = 4; lastKnownFileType = sourcecode.swift; path = TodayEntryCell.swift; sourceTree = "<group>"; };
		369AAEE31BF29DE10038EDA2 /* HighkaraUITests.xctest */ = {isa = PBXFileReference; explicitFileType = wrapper.cfbundle; includeInIndex = 0; path = HighkaraUITests.xctest; sourceTree = BUILT_PRODUCTS_DIR; };
		369AAEE51BF29DE10038EDA2 /* HighkaraUITests.swift */ = {isa = PBXFileReference; lastKnownFileType = sourcecode.swift; path = HighkaraUITests.swift; sourceTree = "<group>"; };
		369AAEE71BF29DE10038EDA2 /* Info.plist */ = {isa = PBXFileReference; lastKnownFileType = text.plist.xml; path = Info.plist; sourceTree = "<group>"; };
		36A39C091B2E0AE900BE0C77 /* highkara.app */ = {isa = PBXFileReference; explicitFileType = wrapper.application; includeInIndex = 0; path = highkara.app; sourceTree = BUILT_PRODUCTS_DIR; };
		36A39C0D1B2E0AE900BE0C77 /* Info.plist */ = {isa = PBXFileReference; lastKnownFileType = text.plist.xml; path = Info.plist; sourceTree = "<group>"; };
		36A39C0E1B2E0AE900BE0C77 /* AppDelegate.swift */ = {isa = PBXFileReference; lastKnownFileType = sourcecode.swift; path = AppDelegate.swift; sourceTree = "<group>"; };
		36A39C131B2E0AE900BE0C77 /* Base */ = {isa = PBXFileReference; lastKnownFileType = file.storyboard; name = Base; path = Base.lproj/Main.storyboard; sourceTree = "<group>"; };
		36A39C151B2E0AE900BE0C77 /* Images.xcassets */ = {isa = PBXFileReference; lastKnownFileType = folder.assetcatalog; path = Images.xcassets; sourceTree = "<group>"; };
		36A39C1E1B2E0AE900BE0C77 /* highkaraTests.xctest */ = {isa = PBXFileReference; explicitFileType = wrapper.cfbundle; includeInIndex = 0; path = highkaraTests.xctest; sourceTree = BUILT_PRODUCTS_DIR; };
		36A39C231B2E0AE900BE0C77 /* Info.plist */ = {isa = PBXFileReference; lastKnownFileType = text.plist.xml; path = Info.plist; sourceTree = "<group>"; };
		36A39C241B2E0AE900BE0C77 /* HaikaraTests.swift */ = {isa = PBXFileReference; lastKnownFileType = sourcecode.swift; path = HaikaraTests.swift; sourceTree = "<group>"; };
		36AA1A781C66900C008268B3 /* TouchableTextView.swift */ = {isa = PBXFileReference; fileEncoding = 4; lastKnownFileType = sourcecode.swift; path = TouchableTextView.swift; sourceTree = "<group>"; };
		36AA7DD41C67536D00EC2C23 /* MasterViewController+UIViewControllerPreview.swift */ = {isa = PBXFileReference; fileEncoding = 4; lastKnownFileType = sourcecode.swift; path = "MasterViewController+UIViewControllerPreview.swift"; sourceTree = "<group>"; };
		36B0D0ED1C676609002127D4 /* DetailViewController+UIViewControllerPreview.swift */ = {isa = PBXFileReference; fileEncoding = 4; lastKnownFileType = sourcecode.swift; path = "DetailViewController+UIViewControllerPreview.swift"; sourceTree = "<group>"; };
		36B3F4381B9B0BBC0095F85A /* ionicons.ttf */ = {isa = PBXFileReference; lastKnownFileType = file; path = ionicons.ttf; sourceTree = "<group>"; };
		36B3F43F1B9B106F0095F85A /* Iconfonts-ionicons.swift */ = {isa = PBXFileReference; fileEncoding = 4; lastKnownFileType = sourcecode.swift; path = "Iconfonts-ionicons.swift"; sourceTree = "<group>"; };
		36B3F4411B9B19D70095F85A /* ios-gear-outline.png */ = {isa = PBXFileReference; lastKnownFileType = image.png; path = "ios-gear-outline.png"; sourceTree = "<group>"; };
		36B3F4431B9B1B0A0095F85A /* ios-funnel.png */ = {isa = PBXFileReference; lastKnownFileType = image.png; path = "ios-funnel.png"; sourceTree = "<group>"; };
		36B3F4441B9B1B0A0095F85A /* ios-list-outline.png */ = {isa = PBXFileReference; lastKnownFileType = image.png; path = "ios-list-outline.png"; sourceTree = "<group>"; };
		36C04C941B2F65DD000921A7 /* NewsItemViewController.swift */ = {isa = PBXFileReference; fileEncoding = 4; lastKnownFileType = sourcecode.swift; path = NewsItemViewController.swift; sourceTree = "<group>"; };
		36C1AFF11B2E32A400D87522 /* DetailViewController.swift */ = {isa = PBXFileReference; fileEncoding = 4; lastKnownFileType = sourcecode.swift; path = DetailViewController.swift; sourceTree = "<group>"; usesTabs = 1; };
		36EAF6DF1B3DF58A00FAD6EC /* MasterViewController.swift */ = {isa = PBXFileReference; fileEncoding = 4; lastKnownFileType = sourcecode.swift; path = MasterViewController.swift; sourceTree = "<group>"; };
		36EE9FA31C4A506600EE8E25 /* SCModalPushPopAnimator.swift */ = {isa = PBXFileReference; fileEncoding = 4; lastKnownFileType = sourcecode.swift; path = SCModalPushPopAnimator.swift; sourceTree = "<group>"; };
		36F0E84E1C03B7880081F10B /* Theme.swift */ = {isa = PBXFileReference; fileEncoding = 4; lastKnownFileType = sourcecode.swift; path = Theme.swift; sourceTree = "<group>"; };
		37F0ACFB0689AF1D3E439209 /* Pods.release.xcconfig */ = {isa = PBXFileReference; includeInIndex = 1; lastKnownFileType = text.xcconfig; name = Pods.release.xcconfig; path = "Pods/Target Support Files/Pods/Pods.release.xcconfig"; sourceTree = "<group>"; };
		53974A5916078384EF46D640 /* Pods.framework */ = {isa = PBXFileReference; explicitFileType = wrapper.framework; includeInIndex = 0; path = Pods.framework; sourceTree = BUILT_PRODUCTS_DIR; };
/* End PBXFileReference section */

/* Begin PBXFrameworksBuildPhase section */
		367BAD1B1D1874B600F6B949 /* Frameworks */ = {
			isa = PBXFrameworksBuildPhase;
			buildActionMask = 2147483647;
			files = (
				367BAD201D1874B600F6B949 /* NotificationCenter.framework in Frameworks */,
			);
			runOnlyForDeploymentPostprocessing = 0;
		};
		369AAEE01BF29DE10038EDA2 /* Frameworks */ = {
			isa = PBXFrameworksBuildPhase;
			buildActionMask = 2147483647;
			files = (
			);
			runOnlyForDeploymentPostprocessing = 0;
		};
		36A39C061B2E0AE900BE0C77 /* Frameworks */ = {
			isa = PBXFrameworksBuildPhase;
			buildActionMask = 2147483647;
			files = (
				DDEE4C2BED84A92BF91E84D3 /* Pods.framework in Frameworks */,
			);
			runOnlyForDeploymentPostprocessing = 0;
		};
		36A39C1B1B2E0AE900BE0C77 /* Frameworks */ = {
			isa = PBXFrameworksBuildPhase;
			buildActionMask = 2147483647;
			files = (
			);
			runOnlyForDeploymentPostprocessing = 0;
		};
/* End PBXFrameworksBuildPhase section */

/* Begin PBXGroup section */
		0370D6607F96A7F8D5340885 /* Frameworks */ = {
			isa = PBXGroup;
			children = (
				53974A5916078384EF46D640 /* Pods.framework */,
				367BAD1F1D1874B600F6B949 /* NotificationCenter.framework */,
			);
			name = Frameworks;
			sourceTree = "<group>";
		};
		3631CA591BEA6A6900C5A0BD /* Models */ = {
			isa = PBXGroup;
			children = (
				3631CA5E1BEA6BF500C5A0BD /* Language.swift */,
				3631CA601BEA6C0A00C5A0BD /* Category.swift */,
				3631CA621BEA6C1D00C5A0BD /* Entry.swift */,
				366D94C71C06547B00E84284 /* NewsSources.swift */,
			);
			path = Models;
			sourceTree = "<group>";
		};
		3631CA5A1BEA6A6D00C5A0BD /* Controllers */ = {
			isa = PBXGroup;
			children = (
				36B0D0ED1C676609002127D4 /* DetailViewController+UIViewControllerPreview.swift */,
				36AA7DD41C67536D00EC2C23 /* MasterViewController+UIViewControllerPreview.swift */,
				36C1AFF11B2E32A400D87522 /* DetailViewController.swift */,
				36C04C941B2F65DD000921A7 /* NewsItemViewController.swift */,
				36EAF6DF1B3DF58A00FAD6EC /* MasterViewController.swift */,
				3611412E1B409459001A6BA4 /* InfoController.swift */,
				360B4E301B4C69D70019FA1F /* SettingsViewController.swift */,
				364F06791BC456FC00362DF6 /* FavoriteCategoriesViewController.swift */,
				360F97D71BD6D77C00D9EB38 /* HideCategoryViewController.swift */,
				366D94C91C06556B00E84284 /* FilterNewsSourcesViewController.swift */,
			);
			path = Controllers;
			sourceTree = "<group>";
		};
		3631CA5B1BEA6A7100C5A0BD /* Views */ = {
			isa = PBXGroup;
			children = (
				36EE9FA31C4A506600EE8E25 /* SCModalPushPopAnimator.swift */,
				365A045A1B3EB9090032C5B6 /* EntryCell.swift */,
				36AA1A781C66900C008268B3 /* TouchableTextView.swift */,
			);
			path = Views;
			sourceTree = "<group>";
		};
		3631CA5C1BEA6A7600C5A0BD /* Helpers */ = {
			isa = PBXGroup;
			children = (
				364E872F1BDFEE5A003F2EE5 /* Shared.swift */,
				361DEC6E1B43FE1C004014C4 /* OrderedDictionary.swift */,
				36B3F43F1B9B106F0095F85A /* Iconfonts-ionicons.swift */,
				36F0E84E1C03B7880081F10B /* Theme.swift */,
			);
			path = Helpers;
			sourceTree = "<group>";
		};
		3631CA5D1BEA6A8900C5A0BD /* Stores */ = {
			isa = PBXGroup;
			children = (
				36065CEC1B92522800AF0102 /* HighFiApi.swift */,
				361141291B408A85001A6BA4 /* Settings.swift */,
			);
			path = Stores;
			sourceTree = "<group>";
		};
		3650D77F1B9312B000A4D528 /* en.lproj */ = {
			isa = PBXGroup;
			children = (
				3650D7801B9312B000A4D528 /* Localizable.strings */,
			);
			name = en.lproj;
			path = Resources/en.lproj;
			sourceTree = "<group>";
		};
		3650D7821B9312B000A4D528 /* fi.lproj */ = {
			isa = PBXGroup;
			children = (
				3650D7831B9312B000A4D528 /* Localizable.strings */,
			);
			name = fi.lproj;
			path = Resources/fi.lproj;
			sourceTree = "<group>";
		};
		36778F6F1B3760C000F387E0 /* Resources */ = {
			isa = PBXGroup;
			children = (
				36B3F4381B9B0BBC0095F85A /* ionicons.ttf */,
				36D3DC2A1B9319F8000673ED /* icons */,
				36221F0D1B3F3DF000CB10AB /* app-logo_1024x1024.png */,
				36221F081B3F385F00CB10AB /* app-logo_40x40.png */,
				36778F861B37651000F387E0 /* iTunesArtwork.png */,
				36778F871B37651000F387E0 /* iTunesArtwork@2x.png */,
				36778F701B3760C000F387E0 /* Default-375w-667h@2x~iphone.png */,
				36778F711B3760C000F387E0 /* Default-414w-736h@3x~iphone.png */,
				36778F721B3760C000F387E0 /* Default-568h@2x~iphone.png */,
				36778F731B3760C000F387E0 /* Default-667h@2x~iphone.png */,
				36778F741B3760C000F387E0 /* Default-736h@3x~iphone.png */,
				36778F751B3760C000F387E0 /* Default-Landscape@2x~ipad.png */,
				36778F761B3760C000F387E0 /* Default-Landscape@3x.png */,
				36778F771B3760C000F387E0 /* Default-Landscape~ipad.png */,
				36778F781B3760C000F387E0 /* Default-Portrait@2x~ipad.png */,
				36778F791B3760C000F387E0 /* Default-Portrait~ipad.png */,
				36778F7A1B3760C000F387E0 /* Default@2x~iphone.png */,
			);
			path = Resources;
			sourceTree = "<group>";
		};
		367BAD211D1874B600F6B949 /* NewsWidget */ = {
			isa = PBXGroup;
			children = (
				367BAD301D18750E00F6B949 /* NewsWidget.entitlements */,
				367BAD221D1874B600F6B949 /* TodayViewController.swift */,
				367BAD241D1874B600F6B949 /* MainInterface.storyboard */,
				367BAD271D1874B600F6B949 /* Info.plist */,
				367BAD421D188B6300F6B949 /* TodayEntryCell.swift */,
			);
			path = NewsWidget;
			sourceTree = "<group>";
		};
		369AAEE41BF29DE10038EDA2 /* HighkaraUITests */ = {
			isa = PBXGroup;
			children = (
				369AAEE51BF29DE10038EDA2 /* HighkaraUITests.swift */,
				369AAEE71BF29DE10038EDA2 /* Info.plist */,
			);
			path = HighkaraUITests;
			sourceTree = "<group>";
		};
		36A39C001B2E0AE900BE0C77 = {
			isa = PBXGroup;
			children = (
				367BAD2F1D1874FC00F6B949 /* highkara.entitlements */,
				36A39C0B1B2E0AE900BE0C77 /* Haikara */,
				36A39C211B2E0AE900BE0C77 /* HaikaraTests */,
				369AAEE41BF29DE10038EDA2 /* HighkaraUITests */,
				367BAD211D1874B600F6B949 /* NewsWidget */,
				36A39C0A1B2E0AE900BE0C77 /* Products */,
				373EEC515FB0B77A8D7030F9 /* Pods */,
				0370D6607F96A7F8D5340885 /* Frameworks */,
			);
			sourceTree = "<group>";
		};
		36A39C0A1B2E0AE900BE0C77 /* Products */ = {
			isa = PBXGroup;
			children = (
				36A39C091B2E0AE900BE0C77 /* highkara.app */,
				36A39C1E1B2E0AE900BE0C77 /* highkaraTests.xctest */,
				369AAEE31BF29DE10038EDA2 /* HighkaraUITests.xctest */,
				367BAD1E1D1874B600F6B949 /* NewsWidget.appex */,
			);
			name = Products;
			sourceTree = "<group>";
		};
		36A39C0B1B2E0AE900BE0C77 /* Haikara */ = {
			isa = PBXGroup;
			children = (
				36778F6F1B3760C000F387E0 /* Resources */,
				36A39C0E1B2E0AE900BE0C77 /* AppDelegate.swift */,
				36A39C121B2E0AE900BE0C77 /* Main.storyboard */,
				36A39C151B2E0AE900BE0C77 /* Images.xcassets */,
				36A39C0C1B2E0AE900BE0C77 /* Supporting Files */,
				3631CA591BEA6A6900C5A0BD /* Models */,
				3631CA5C1BEA6A7600C5A0BD /* Helpers */,
				3631CA5D1BEA6A8900C5A0BD /* Stores */,
				3631CA5B1BEA6A7100C5A0BD /* Views */,
				3631CA5A1BEA6A6D00C5A0BD /* Controllers */,
			);
			path = Haikara;
			sourceTree = "<group>";
		};
		36A39C0C1B2E0AE900BE0C77 /* Supporting Files */ = {
			isa = PBXGroup;
			children = (
				3650D77F1B9312B000A4D528 /* en.lproj */,
				3650D7821B9312B000A4D528 /* fi.lproj */,
				36A39C0D1B2E0AE900BE0C77 /* Info.plist */,
			);
			name = "Supporting Files";
			sourceTree = "<group>";
		};
		36A39C211B2E0AE900BE0C77 /* HaikaraTests */ = {
			isa = PBXGroup;
			children = (
				36A39C241B2E0AE900BE0C77 /* HaikaraTests.swift */,
				36A39C221B2E0AE900BE0C77 /* Supporting Files */,
			);
			path = HaikaraTests;
			sourceTree = "<group>";
		};
		36A39C221B2E0AE900BE0C77 /* Supporting Files */ = {
			isa = PBXGroup;
			children = (
				36A39C231B2E0AE900BE0C77 /* Info.plist */,
			);
			name = "Supporting Files";
			sourceTree = "<group>";
		};
		36D3DC2A1B9319F8000673ED /* icons */ = {
			isa = PBXGroup;
			children = (
				361E2F841C162C6D00D27F7C /* ios-star-outline.png */,
				36B3F4431B9B1B0A0095F85A /* ios-funnel.png */,
				36B3F4441B9B1B0A0095F85A /* ios-list-outline.png */,
				36B3F4411B9B19D70095F85A /* ios-gear-outline.png */,
			);
			path = icons;
			sourceTree = "<group>";
		};
		373EEC515FB0B77A8D7030F9 /* Pods */ = {
			isa = PBXGroup;
			children = (
				218BF84A5EB87E4C30FFFC43 /* Pods.debug.xcconfig */,
				37F0ACFB0689AF1D3E439209 /* Pods.release.xcconfig */,
			);
			name = Pods;
			sourceTree = "<group>";
		};
/* End PBXGroup section */

/* Begin PBXNativeTarget section */
		367BAD1D1D1874B600F6B949 /* NewsWidget */ = {
			isa = PBXNativeTarget;
			buildConfigurationList = 367BAD2D1D1874B600F6B949 /* Build configuration list for PBXNativeTarget "NewsWidget" */;
			buildPhases = (
				367BAD1A1D1874B600F6B949 /* Sources */,
				367BAD1B1D1874B600F6B949 /* Frameworks */,
				367BAD1C1D1874B600F6B949 /* Resources */,
			);
			buildRules = (
			);
			dependencies = (
			);
			name = NewsWidget;
			productName = NewsWidget;
			productReference = 367BAD1E1D1874B600F6B949 /* NewsWidget.appex */;
			productType = "com.apple.product-type.app-extension";
		};
		369AAEE21BF29DE10038EDA2 /* HighkaraUITests */ = {
			isa = PBXNativeTarget;
			buildConfigurationList = 369AAEEC1BF29DE20038EDA2 /* Build configuration list for PBXNativeTarget "HighkaraUITests" */;
			buildPhases = (
				369AAEDF1BF29DE10038EDA2 /* Sources */,
				369AAEE01BF29DE10038EDA2 /* Frameworks */,
				369AAEE11BF29DE10038EDA2 /* Resources */,
			);
			buildRules = (
			);
			dependencies = (
				369AAEE91BF29DE10038EDA2 /* PBXTargetDependency */,
			);
			name = HighkaraUITests;
			productName = HighkaraUITests;
			productReference = 369AAEE31BF29DE10038EDA2 /* HighkaraUITests.xctest */;
			productType = "com.apple.product-type.bundle.ui-testing";
		};
		36A39C081B2E0AE900BE0C77 /* highkara */ = {
			isa = PBXNativeTarget;
			buildConfigurationList = 36A39C281B2E0AE900BE0C77 /* Build configuration list for PBXNativeTarget "highkara" */;
			buildPhases = (
				5AC3E243408E4AAE9DF87DA1 /* Check Pods Manifest.lock */,
				36A39C051B2E0AE900BE0C77 /* Sources */,
				36A39C061B2E0AE900BE0C77 /* Frameworks */,
				36A39C071B2E0AE900BE0C77 /* Resources */,
				BDBF994B9FA07458B5D0DF7D /* Embed Pods Frameworks */,
				E461AA2C8E89A69A06E749BA /* Copy Pods Resources */,
				367BAD2E1D1874B600F6B949 /* Embed App Extensions */,
			);
			buildRules = (
			);
			dependencies = (
				367BAD291D1874B600F6B949 /* PBXTargetDependency */,
			);
			name = highkara;
			productName = Haikara;
			productReference = 36A39C091B2E0AE900BE0C77 /* highkara.app */;
			productType = "com.apple.product-type.application";
		};
		36A39C1D1B2E0AE900BE0C77 /* highkaraTests */ = {
			isa = PBXNativeTarget;
			buildConfigurationList = 36A39C2B1B2E0AE900BE0C77 /* Build configuration list for PBXNativeTarget "highkaraTests" */;
			buildPhases = (
				36A39C1A1B2E0AE900BE0C77 /* Sources */,
				36A39C1B1B2E0AE900BE0C77 /* Frameworks */,
				36A39C1C1B2E0AE900BE0C77 /* Resources */,
			);
			buildRules = (
			);
			dependencies = (
				36A39C201B2E0AE900BE0C77 /* PBXTargetDependency */,
			);
			name = highkaraTests;
			productName = HaikaraTests;
			productReference = 36A39C1E1B2E0AE900BE0C77 /* highkaraTests.xctest */;
			productType = "com.apple.product-type.bundle.unit-test";
		};
/* End PBXNativeTarget section */

/* Begin PBXProject section */
		36A39C011B2E0AE900BE0C77 /* Project object */ = {
			isa = PBXProject;
			attributes = {
				CLASSPREFIX = com.ruleoftech;
				LastSwiftMigration = 0700;
				LastSwiftUpdateCheck = 0730;
				LastUpgradeCheck = 0700;
				ORGANIZATIONNAME = "Rule of tech";
				TargetAttributes = {
					367BAD1D1D1874B600F6B949 = {
						CreatedOnToolsVersion = 7.3.1;
						DevelopmentTeam = 8X9ZUVVBWA;
						SystemCapabilities = {
							com.apple.ApplicationGroups.iOS = {
								enabled = 1;
							};
						};
					};
					369AAEE21BF29DE10038EDA2 = {
						CreatedOnToolsVersion = 7.1;
						TestTargetID = 36A39C081B2E0AE900BE0C77;
					};
					36A39C081B2E0AE900BE0C77 = {
						CreatedOnToolsVersion = 6.3.2;
						DevelopmentTeam = 8X9ZUVVBWA;
						SystemCapabilities = {
							com.apple.ApplicationGroups.iOS = {
								enabled = 1;
							};
						};
					};
					36A39C1D1B2E0AE900BE0C77 = {
						CreatedOnToolsVersion = 6.3.2;
						TestTargetID = 36A39C081B2E0AE900BE0C77;
					};
				};
			};
			buildConfigurationList = 36A39C041B2E0AE900BE0C77 /* Build configuration list for PBXProject "highkara" */;
			compatibilityVersion = "Xcode 6.3";
			developmentRegion = English;
			hasScannedForEncodings = 0;
			knownRegions = (
				en,
				Base,
				fi,
			);
			mainGroup = 36A39C001B2E0AE900BE0C77;
			productRefGroup = 36A39C0A1B2E0AE900BE0C77 /* Products */;
			projectDirPath = "";
			projectRoot = "";
			targets = (
				36A39C081B2E0AE900BE0C77 /* highkara */,
				36A39C1D1B2E0AE900BE0C77 /* highkaraTests */,
				369AAEE21BF29DE10038EDA2 /* HighkaraUITests */,
				367BAD1D1D1874B600F6B949 /* NewsWidget */,
			);
		};
/* End PBXProject section */

/* Begin PBXResourcesBuildPhase section */
		367BAD1C1D1874B600F6B949 /* Resources */ = {
			isa = PBXResourcesBuildPhase;
			buildActionMask = 2147483647;
			files = (
				367BAD261D1874B600F6B949 /* MainInterface.storyboard in Resources */,
			);
			runOnlyForDeploymentPostprocessing = 0;
		};
		369AAEE11BF29DE10038EDA2 /* Resources */ = {
			isa = PBXResourcesBuildPhase;
			buildActionMask = 2147483647;
			files = (
			);
			runOnlyForDeploymentPostprocessing = 0;
		};
		36A39C071B2E0AE900BE0C77 /* Resources */ = {
			isa = PBXResourcesBuildPhase;
			buildActionMask = 2147483647;
			files = (
				36A39C141B2E0AE900BE0C77 /* Main.storyboard in Resources */,
				36778F891B37651000F387E0 /* iTunesArtwork@2x.png in Resources */,
				36778F7D1B3760C000F387E0 /* Default-568h@2x~iphone.png in Resources */,
				36778F7C1B3760C000F387E0 /* Default-414w-736h@3x~iphone.png in Resources */,
				36221F091B3F385F00CB10AB /* app-logo_40x40.png in Resources */,
				36778F801B3760C000F387E0 /* Default-Landscape@2x~ipad.png in Resources */,
				36778F821B3760C000F387E0 /* Default-Landscape~ipad.png in Resources */,
				36778F831B3760C000F387E0 /* Default-Portrait@2x~ipad.png in Resources */,
				36778F811B3760C000F387E0 /* Default-Landscape@3x.png in Resources */,
				36778F7F1B3760C000F387E0 /* Default-736h@3x~iphone.png in Resources */,
				36221F0E1B3F3DF000CB10AB /* app-logo_1024x1024.png in Resources */,
				36778F7B1B3760C000F387E0 /* Default-375w-667h@2x~iphone.png in Resources */,
				36A39C161B2E0AE900BE0C77 /* Images.xcassets in Resources */,
				3650D7871B9312B000A4D528 /* Localizable.strings in Resources */,
				36B3F4421B9B19D70095F85A /* ios-gear-outline.png in Resources */,
				36B3F4391B9B0BBC0095F85A /* ionicons.ttf in Resources */,
				36778F881B37651000F387E0 /* iTunesArtwork.png in Resources */,
				36B3F4451B9B1B0A0095F85A /* ios-funnel.png in Resources */,
				36778F851B3760C000F387E0 /* Default@2x~iphone.png in Resources */,
				3650D7881B9312B000A4D528 /* Localizable.strings in Resources */,
				36778F7E1B3760C000F387E0 /* Default-667h@2x~iphone.png in Resources */,
				36778F841B3760C000F387E0 /* Default-Portrait~ipad.png in Resources */,
				361E2F851C162C6D00D27F7C /* ios-star-outline.png in Resources */,
				36B3F4461B9B1B0A0095F85A /* ios-list-outline.png in Resources */,
			);
			runOnlyForDeploymentPostprocessing = 0;
		};
		36A39C1C1B2E0AE900BE0C77 /* Resources */ = {
			isa = PBXResourcesBuildPhase;
			buildActionMask = 2147483647;
			files = (
			);
			runOnlyForDeploymentPostprocessing = 0;
		};
/* End PBXResourcesBuildPhase section */

/* Begin PBXShellScriptBuildPhase section */
		5AC3E243408E4AAE9DF87DA1 /* Check Pods Manifest.lock */ = {
			isa = PBXShellScriptBuildPhase;
			buildActionMask = 2147483647;
			files = (
			);
			inputPaths = (
			);
			name = "Check Pods Manifest.lock";
			outputPaths = (
			);
			runOnlyForDeploymentPostprocessing = 0;
			shellPath = /bin/sh;
			shellScript = "diff \"${PODS_ROOT}/../Podfile.lock\" \"${PODS_ROOT}/Manifest.lock\" > /dev/null\nif [[ $? != 0 ]] ; then\n    cat << EOM\nerror: The sandbox is not in sync with the Podfile.lock. Run 'pod install' or update your CocoaPods installation.\nEOM\n    exit 1\nfi\n";
			showEnvVarsInLog = 0;
		};
		BDBF994B9FA07458B5D0DF7D /* Embed Pods Frameworks */ = {
			isa = PBXShellScriptBuildPhase;
			buildActionMask = 2147483647;
			files = (
			);
			inputPaths = (
			);
			name = "Embed Pods Frameworks";
			outputPaths = (
			);
			runOnlyForDeploymentPostprocessing = 0;
			shellPath = /bin/sh;
			shellScript = "\"${SRCROOT}/Pods/Target Support Files/Pods/Pods-frameworks.sh\"\n";
			showEnvVarsInLog = 0;
		};
		E461AA2C8E89A69A06E749BA /* Copy Pods Resources */ = {
			isa = PBXShellScriptBuildPhase;
			buildActionMask = 2147483647;
			files = (
			);
			inputPaths = (
			);
			name = "Copy Pods Resources";
			outputPaths = (
			);
			runOnlyForDeploymentPostprocessing = 0;
			shellPath = /bin/sh;
			shellScript = "\"${SRCROOT}/Pods/Target Support Files/Pods/Pods-resources.sh\"\n";
			showEnvVarsInLog = 0;
		};
/* End PBXShellScriptBuildPhase section */

/* Begin PBXSourcesBuildPhase section */
		367BAD1A1D1874B600F6B949 /* Sources */ = {
			isa = PBXSourcesBuildPhase;
			buildActionMask = 2147483647;
			files = (
				367BAD431D188B6300F6B949 /* TodayEntryCell.swift in Sources */,
				367BAD471D189E8600F6B949 /* NewsSources.swift in Sources */,
				367BAD381D18814900F6B949 /* Entry.swift in Sources */,
				367BAD371D18813200F6B949 /* HighFiApi.swift in Sources */,
				367BAD451D189E8100F6B949 /* Language.swift in Sources */,
				367BAD231D1874B600F6B949 /* TodayViewController.swift in Sources */,
				367BAD3E1D1883F900F6B949 /* Shared.swift in Sources */,
				367BAD391D18815500F6B949 /* Settings.swift in Sources */,
				367BAD461D189E8300F6B949 /* Category.swift in Sources */,
			);
			runOnlyForDeploymentPostprocessing = 0;
		};
		369AAEDF1BF29DE10038EDA2 /* Sources */ = {
			isa = PBXSourcesBuildPhase;
			buildActionMask = 2147483647;
			files = (
				369AAEE61BF29DE10038EDA2 /* HighkaraUITests.swift in Sources */,
			);
			runOnlyForDeploymentPostprocessing = 0;
		};
		36A39C051B2E0AE900BE0C77 /* Sources */ = {
			isa = PBXSourcesBuildPhase;
			buildActionMask = 2147483647;
			files = (
				36AA7DD51C67536D00EC2C23 /* MasterViewController+UIViewControllerPreview.swift in Sources */,
				364E87301BDFEE5A003F2EE5 /* Shared.swift in Sources */,
				3631CA631BEA6C1D00C5A0BD /* Entry.swift in Sources */,
				361DEC6F1B43FE1C004014C4 /* OrderedDictionary.swift in Sources */,
				36C04C951B2F65DD000921A7 /* NewsItemViewController.swift in Sources */,
				36EE9FA41C4A506600EE8E25 /* SCModalPushPopAnimator.swift in Sources */,
				36C1AFF21B2E32A400D87522 /* DetailViewController.swift in Sources */,
				360B4E311B4C69D70019FA1F /* SettingsViewController.swift in Sources */,
				36A39C0F1B2E0AE900BE0C77 /* AppDelegate.swift in Sources */,
				36B0D0EE1C676609002127D4 /* DetailViewController+UIViewControllerPreview.swift in Sources */,
				3631CA5F1BEA6BF500C5A0BD /* Language.swift in Sources */,
				3631CA611BEA6C0A00C5A0BD /* Category.swift in Sources */,
				366D94CA1C06556B00E84284 /* FilterNewsSourcesViewController.swift in Sources */,
				36AA1A791C66900C008268B3 /* TouchableTextView.swift in Sources */,
				360F97D81BD6D77C00D9EB38 /* HideCategoryViewController.swift in Sources */,
				3611412A1B408A85001A6BA4 /* Settings.swift in Sources */,
				36065CED1B92522800AF0102 /* HighFiApi.swift in Sources */,
				365A045B1B3EB9090032C5B6 /* EntryCell.swift in Sources */,
				36F0E84F1C03B7880081F10B /* Theme.swift in Sources */,
				364F067A1BC456FC00362DF6 /* FavoriteCategoriesViewController.swift in Sources */,
				36B3F4401B9B106F0095F85A /* Iconfonts-ionicons.swift in Sources */,
				366D94C81C06547B00E84284 /* NewsSources.swift in Sources */,
				36EAF6E01B3DF58A00FAD6EC /* MasterViewController.swift in Sources */,
				3611412F1B409459001A6BA4 /* InfoController.swift in Sources */,
			);
			runOnlyForDeploymentPostprocessing = 0;
		};
		36A39C1A1B2E0AE900BE0C77 /* Sources */ = {
			isa = PBXSourcesBuildPhase;
			buildActionMask = 2147483647;
			files = (
				36A39C251B2E0AE900BE0C77 /* HaikaraTests.swift in Sources */,
			);
			runOnlyForDeploymentPostprocessing = 0;
		};
/* End PBXSourcesBuildPhase section */

/* Begin PBXTargetDependency section */
		367BAD291D1874B600F6B949 /* PBXTargetDependency */ = {
			isa = PBXTargetDependency;
			target = 367BAD1D1D1874B600F6B949 /* NewsWidget */;
			targetProxy = 367BAD281D1874B600F6B949 /* PBXContainerItemProxy */;
		};
		369AAEE91BF29DE10038EDA2 /* PBXTargetDependency */ = {
			isa = PBXTargetDependency;
			target = 36A39C081B2E0AE900BE0C77 /* highkara */;
			targetProxy = 369AAEE81BF29DE10038EDA2 /* PBXContainerItemProxy */;
		};
		36A39C201B2E0AE900BE0C77 /* PBXTargetDependency */ = {
			isa = PBXTargetDependency;
			target = 36A39C081B2E0AE900BE0C77 /* highkara */;
			targetProxy = 36A39C1F1B2E0AE900BE0C77 /* PBXContainerItemProxy */;
		};
/* End PBXTargetDependency section */

/* Begin PBXVariantGroup section */
		3650D7801B9312B000A4D528 /* Localizable.strings */ = {
			isa = PBXVariantGroup;
			children = (
				3650D7811B9312B000A4D528 /* en */,
			);
			name = Localizable.strings;
			sourceTree = "<group>";
		};
		3650D7831B9312B000A4D528 /* Localizable.strings */ = {
			isa = PBXVariantGroup;
			children = (
				3650D7841B9312B000A4D528 /* fi */,
			);
			name = Localizable.strings;
			sourceTree = "<group>";
		};
		367BAD241D1874B600F6B949 /* MainInterface.storyboard */ = {
			isa = PBXVariantGroup;
			children = (
				367BAD251D1874B600F6B949 /* Base */,
			);
			name = MainInterface.storyboard;
			sourceTree = "<group>";
		};
		36A39C121B2E0AE900BE0C77 /* Main.storyboard */ = {
			isa = PBXVariantGroup;
			children = (
				36A39C131B2E0AE900BE0C77 /* Base */,
				361E2F871C1633FF00D27F7C /* fi */,
			);
			name = Main.storyboard;
			sourceTree = "<group>";
		};
/* End PBXVariantGroup section */

/* Begin XCBuildConfiguration section */
		367BAD2B1D1874B600F6B949 /* Debug */ = {
			isa = XCBuildConfiguration;
			buildSettings = {
				CLANG_ANALYZER_NONNULL = YES;
				CODE_SIGN_ENTITLEMENTS = NewsWidget/NewsWidget.entitlements;
				CODE_SIGN_IDENTITY = "iPhone Developer";
				"CODE_SIGN_IDENTITY[sdk=iphoneos*]" = "iPhone Developer";
				COPY_PHASE_STRIP = NO;
				DEBUG_INFORMATION_FORMAT = dwarf;
				GCC_PREPROCESSOR_DEFINITIONS = (
					"DEBUG=1",
					"$(inherited)",
				);
				INFOPLIST_FILE = NewsWidget/Info.plist;
				IPHONEOS_DEPLOYMENT_TARGET = 9.3;
				LD_RUNPATH_SEARCH_PATHS = "$(inherited) @executable_path/Frameworks @executable_path/../../Frameworks";
				PRODUCT_BUNDLE_IDENTIFIER = com.ruleoftech.highkara.NewsWidget;
				PRODUCT_NAME = "$(TARGET_NAME)";
				PROVISIONING_PROFILE = "";
				SKIP_INSTALL = YES;
			};
			name = Debug;
		};
		367BAD2C1D1874B600F6B949 /* Release */ = {
			isa = XCBuildConfiguration;
			buildSettings = {
				CLANG_ANALYZER_NONNULL = YES;
				CODE_SIGN_ENTITLEMENTS = NewsWidget/NewsWidget.entitlements;
				CODE_SIGN_IDENTITY = "iPhone Developer";
				"CODE_SIGN_IDENTITY[sdk=iphoneos*]" = "iPhone Developer";
				COPY_PHASE_STRIP = NO;
				INFOPLIST_FILE = NewsWidget/Info.plist;
				IPHONEOS_DEPLOYMENT_TARGET = 9.3;
				LD_RUNPATH_SEARCH_PATHS = "$(inherited) @executable_path/Frameworks @executable_path/../../Frameworks";
				PRODUCT_BUNDLE_IDENTIFIER = com.ruleoftech.highkara.NewsWidget;
				PRODUCT_NAME = "$(TARGET_NAME)";
				PROVISIONING_PROFILE = "";
				SKIP_INSTALL = YES;
			};
			name = Release;
		};
		369AAEEA1BF29DE10038EDA2 /* Debug */ = {
			isa = XCBuildConfiguration;
			buildSettings = {
				"CODE_SIGN_IDENTITY[sdk=iphoneos*]" = "iPhone Developer";
				COPY_PHASE_STRIP = NO;
				DEBUG_INFORMATION_FORMAT = dwarf;
				INFOPLIST_FILE = HighkaraUITests/Info.plist;
				IPHONEOS_DEPLOYMENT_TARGET = 9.1;
				LD_RUNPATH_SEARCH_PATHS = "$(inherited) @executable_path/Frameworks @loader_path/Frameworks";
				PRODUCT_BUNDLE_IDENTIFIER = com.ruleoftech.HighkaraUITests;
				PRODUCT_NAME = "$(TARGET_NAME)";
				PROVISIONING_PROFILE = "d7977259-f433-44c1-804b-a7e5eecb317c";
				TEST_TARGET_NAME = highkara;
				USES_XCTRUNNER = YES;
			};
			name = Debug;
		};
		369AAEEB1BF29DE10038EDA2 /* Release */ = {
			isa = XCBuildConfiguration;
			buildSettings = {
				"CODE_SIGN_IDENTITY[sdk=iphoneos*]" = "iPhone Developer";
				COPY_PHASE_STRIP = NO;
				INFOPLIST_FILE = HighkaraUITests/Info.plist;
				IPHONEOS_DEPLOYMENT_TARGET = 9.1;
				LD_RUNPATH_SEARCH_PATHS = "$(inherited) @executable_path/Frameworks @loader_path/Frameworks";
				PRODUCT_BUNDLE_IDENTIFIER = com.ruleoftech.HighkaraUITests;
				PRODUCT_NAME = "$(TARGET_NAME)";
				PROVISIONING_PROFILE = "d7977259-f433-44c1-804b-a7e5eecb317c";
				TEST_TARGET_NAME = highkara;
				USES_XCTRUNNER = YES;
			};
			name = Release;
		};
		36A39C261B2E0AE900BE0C77 /* Debug */ = {
			isa = XCBuildConfiguration;
			buildSettings = {
				ALWAYS_SEARCH_USER_PATHS = NO;
				CLANG_CXX_LANGUAGE_STANDARD = "gnu++0x";
				CLANG_CXX_LIBRARY = "libc++";
				CLANG_ENABLE_MODULES = YES;
				CLANG_ENABLE_OBJC_ARC = YES;
				CLANG_WARN_BOOL_CONVERSION = YES;
				CLANG_WARN_CONSTANT_CONVERSION = YES;
				CLANG_WARN_DIRECT_OBJC_ISA_USAGE = YES_ERROR;
				CLANG_WARN_EMPTY_BODY = YES;
				CLANG_WARN_ENUM_CONVERSION = YES;
				CLANG_WARN_INT_CONVERSION = YES;
				CLANG_WARN_OBJC_ROOT_CLASS = YES_ERROR;
				CLANG_WARN_UNREACHABLE_CODE = YES;
				CLANG_WARN__DUPLICATE_METHOD_MATCH = YES;
				CODE_SIGN_IDENTITY = "iPhone Distribution: Marko Wallin (8X9ZUVVBWA)";
				"CODE_SIGN_IDENTITY[sdk=iphoneos*]" = "iPhone Distribution: Marko Wallin (8X9ZUVVBWA)";
				COPY_PHASE_STRIP = YES;
				DEBUG_INFORMATION_FORMAT = "dwarf-with-dsym";
				ENABLE_BITCODE = NO;
				ENABLE_STRICT_OBJC_MSGSEND = YES;
				ENABLE_TESTABILITY = YES;
				GCC_C_LANGUAGE_STANDARD = gnu99;
				GCC_DYNAMIC_NO_PIC = NO;
				GCC_NO_COMMON_BLOCKS = YES;
				GCC_OPTIMIZATION_LEVEL = 0;
				GCC_PREPROCESSOR_DEFINITIONS = "$(inherited)";
				GCC_SYMBOLS_PRIVATE_EXTERN = NO;
				GCC_WARN_64_TO_32_BIT_CONVERSION = YES;
				GCC_WARN_ABOUT_RETURN_TYPE = YES_ERROR;
				GCC_WARN_UNDECLARED_SELECTOR = YES;
				GCC_WARN_UNINITIALIZED_AUTOS = YES_AGGRESSIVE;
				GCC_WARN_UNUSED_FUNCTION = YES;
				GCC_WARN_UNUSED_VARIABLE = YES;
				IPHONEOS_DEPLOYMENT_TARGET = 8.0;
				MTL_ENABLE_DEBUG_INFO = YES;
				ONLY_ACTIVE_ARCH = YES;
				PROVISIONING_PROFILE = "d7977259-f433-44c1-804b-a7e5eecb317c";
				SDKROOT = iphoneos;
				SWIFT_OPTIMIZATION_LEVEL = "-Onone";
				TARGETED_DEVICE_FAMILY = "1,2";
			};
			name = Debug;
		};
		36A39C271B2E0AE900BE0C77 /* Release */ = {
			isa = XCBuildConfiguration;
			buildSettings = {
				ALWAYS_SEARCH_USER_PATHS = NO;
				CLANG_CXX_LANGUAGE_STANDARD = "gnu++0x";
				CLANG_CXX_LIBRARY = "libc++";
				CLANG_ENABLE_MODULES = YES;
				CLANG_ENABLE_OBJC_ARC = YES;
				CLANG_WARN_BOOL_CONVERSION = YES;
				CLANG_WARN_CONSTANT_CONVERSION = YES;
				CLANG_WARN_DIRECT_OBJC_ISA_USAGE = YES_ERROR;
				CLANG_WARN_EMPTY_BODY = YES;
				CLANG_WARN_ENUM_CONVERSION = YES;
				CLANG_WARN_INT_CONVERSION = YES;
				CLANG_WARN_OBJC_ROOT_CLASS = YES_ERROR;
				CLANG_WARN_UNREACHABLE_CODE = YES;
				CLANG_WARN__DUPLICATE_METHOD_MATCH = YES;
				CODE_SIGN_IDENTITY = "iPhone Distribution: Marko Wallin (8X9ZUVVBWA)";
				"CODE_SIGN_IDENTITY[sdk=iphoneos*]" = "iPhone Distribution: Marko Wallin (8X9ZUVVBWA)";
				COPY_PHASE_STRIP = YES;
				DEBUG_INFORMATION_FORMAT = "dwarf-with-dsym";
				ENABLE_BITCODE = NO;
				ENABLE_NS_ASSERTIONS = NO;
				ENABLE_STRICT_OBJC_MSGSEND = YES;
				GCC_C_LANGUAGE_STANDARD = gnu99;
				GCC_NO_COMMON_BLOCKS = YES;
				GCC_PREPROCESSOR_DEFINITIONS = "$(inherited)";
				GCC_WARN_64_TO_32_BIT_CONVERSION = YES;
				GCC_WARN_ABOUT_RETURN_TYPE = YES_ERROR;
				GCC_WARN_UNDECLARED_SELECTOR = YES;
				GCC_WARN_UNINITIALIZED_AUTOS = YES_AGGRESSIVE;
				GCC_WARN_UNUSED_FUNCTION = YES;
				GCC_WARN_UNUSED_VARIABLE = YES;
				IPHONEOS_DEPLOYMENT_TARGET = 8.0;
				MTL_ENABLE_DEBUG_INFO = NO;
				ONLY_ACTIVE_ARCH = NO;
				PROVISIONING_PROFILE = "d7977259-f433-44c1-804b-a7e5eecb317c";
				SDKROOT = iphoneos;
				TARGETED_DEVICE_FAMILY = "1,2";
				VALIDATE_PRODUCT = YES;
			};
			name = Release;
		};
		36A39C291B2E0AE900BE0C77 /* Debug */ = {
			isa = XCBuildConfiguration;
			baseConfigurationReference = 218BF84A5EB87E4C30FFFC43 /* Pods.debug.xcconfig */;
			buildSettings = {
				ASSETCATALOG_COMPILER_APPICON_NAME = AppIcon;
				CODE_SIGN_ENTITLEMENTS = highkara.entitlements;
				CODE_SIGN_IDENTITY = "iPhone Developer";
				"CODE_SIGN_IDENTITY[sdk=iphoneos*]" = "iPhone Developer: Marko Wallin (VZSFR9BSV5)";
				EMBEDDED_CONTENT_CONTAINS_SWIFT = YES;
				FRAMEWORK_SEARCH_PATHS = "$(inherited)";
				GCC_PREPROCESSOR_DEFINITIONS = "$(inherited)";
				INFOPLIST_FILE = Haikara/Info.plist;
				IPHONEOS_DEPLOYMENT_TARGET = 8.0;
				LD_RUNPATH_SEARCH_PATHS = "$(inherited) @executable_path/Frameworks";
				MTL_ENABLE_DEBUG_INFO = YES;
				OTHER_SWIFT_FLAGS = "-D DEBUG $(inherited)";
				PRODUCT_BUNDLE_IDENTIFIER = "com.ruleoftech.$(PRODUCT_NAME:rfc1034identifier)";
				PRODUCT_NAME = "${TARGET_NAME}";
				PROVISIONING_PROFILE = "";
				TARGETED_DEVICE_FAMILY = "1,2";
			};
			name = Debug;
		};
		36A39C2A1B2E0AE900BE0C77 /* Release */ = {
			isa = XCBuildConfiguration;
			baseConfigurationReference = 37F0ACFB0689AF1D3E439209 /* Pods.release.xcconfig */;
			buildSettings = {
				ASSETCATALOG_COMPILER_APPICON_NAME = AppIcon;
				CODE_SIGN_ENTITLEMENTS = highkara.entitlements;
				CODE_SIGN_IDENTITY = "iPhone Developer";
				"CODE_SIGN_IDENTITY[sdk=iphoneos*]" = "iPhone Developer: Marko Wallin (VZSFR9BSV5)";
				EMBEDDED_CONTENT_CONTAINS_SWIFT = YES;
				FRAMEWORK_SEARCH_PATHS = "$(inherited)";
				GCC_PREPROCESSOR_DEFINITIONS = "$(inherited)";
				INFOPLIST_FILE = Haikara/Info.plist;
				IPHONEOS_DEPLOYMENT_TARGET = 8.0;
				LD_RUNPATH_SEARCH_PATHS = "$(inherited) @executable_path/Frameworks";
				MTL_ENABLE_DEBUG_INFO = NO;
				OTHER_SWIFT_FLAGS = "$(inherited)";
				PRODUCT_BUNDLE_IDENTIFIER = "com.ruleoftech.$(PRODUCT_NAME:rfc1034identifier)";
				PRODUCT_NAME = "${TARGET_NAME}";
				PROVISIONING_PROFILE = "";
				TARGETED_DEVICE_FAMILY = "1,2";
			};
			name = Release;
		};
		36A39C2C1B2E0AE900BE0C77 /* Debug */ = {
			isa = XCBuildConfiguration;
			buildSettings = {
				BUNDLE_LOADER = "$(TEST_HOST)";
				FRAMEWORK_SEARCH_PATHS = (
					"$(SDKROOT)/Developer/Library/Frameworks",
					"$(inherited)",
				);
				GCC_PREPROCESSOR_DEFINITIONS = (
					"DEBUG=1",
					"$(inherited)",
				);
				INFOPLIST_FILE = HaikaraTests/Info.plist;
				LD_RUNPATH_SEARCH_PATHS = "$(inherited) @executable_path/Frameworks @loader_path/Frameworks";
				PRODUCT_BUNDLE_IDENTIFIER = "com.ruleoftech.$(PRODUCT_NAME:rfc1034identifier)";
				PRODUCT_NAME = highkaraTests;
				TEST_HOST = "$(BUILT_PRODUCTS_DIR)/Haikara.app/Haikara";
			};
			name = Debug;
		};
		36A39C2D1B2E0AE900BE0C77 /* Release */ = {
			isa = XCBuildConfiguration;
			buildSettings = {
				BUNDLE_LOADER = "$(TEST_HOST)";
				FRAMEWORK_SEARCH_PATHS = (
					"$(SDKROOT)/Developer/Library/Frameworks",
					"$(inherited)",
				);
				INFOPLIST_FILE = HaikaraTests/Info.plist;
				LD_RUNPATH_SEARCH_PATHS = "$(inherited) @executable_path/Frameworks @loader_path/Frameworks";
				PRODUCT_BUNDLE_IDENTIFIER = "com.ruleoftech.$(PRODUCT_NAME:rfc1034identifier)";
				PRODUCT_NAME = highkaraTests;
				TEST_HOST = "$(BUILT_PRODUCTS_DIR)/Haikara.app/Haikara";
			};
			name = Release;
		};
/* End XCBuildConfiguration section */

/* Begin XCConfigurationList section */
		367BAD2D1D1874B600F6B949 /* Build configuration list for PBXNativeTarget "NewsWidget" */ = {
			isa = XCConfigurationList;
			buildConfigurations = (
				367BAD2B1D1874B600F6B949 /* Debug */,
				367BAD2C1D1874B600F6B949 /* Release */,
			);
			defaultConfigurationIsVisible = 0;
		};
		369AAEEC1BF29DE20038EDA2 /* Build configuration list for PBXNativeTarget "HighkaraUITests" */ = {
			isa = XCConfigurationList;
			buildConfigurations = (
				369AAEEA1BF29DE10038EDA2 /* Debug */,
				369AAEEB1BF29DE10038EDA2 /* Release */,
			);
			defaultConfigurationIsVisible = 0;
			defaultConfigurationName = Release;
		};
		36A39C041B2E0AE900BE0C77 /* Build configuration list for PBXProject "highkara" */ = {
			isa = XCConfigurationList;
			buildConfigurations = (
				36A39C261B2E0AE900BE0C77 /* Debug */,
				36A39C271B2E0AE900BE0C77 /* Release */,
			);
			defaultConfigurationIsVisible = 0;
			defaultConfigurationName = Release;
		};
		36A39C281B2E0AE900BE0C77 /* Build configuration list for PBXNativeTarget "highkara" */ = {
			isa = XCConfigurationList;
			buildConfigurations = (
				36A39C291B2E0AE900BE0C77 /* Debug */,
				36A39C2A1B2E0AE900BE0C77 /* Release */,
			);
			defaultConfigurationIsVisible = 0;
			defaultConfigurationName = Release;
		};
		36A39C2B1B2E0AE900BE0C77 /* Build configuration list for PBXNativeTarget "highkaraTests" */ = {
			isa = XCConfigurationList;
			buildConfigurations = (
				36A39C2C1B2E0AE900BE0C77 /* Debug */,
				36A39C2D1B2E0AE900BE0C77 /* Release */,
			);
			defaultConfigurationIsVisible = 0;
			defaultConfigurationName = Release;
		};
/* End XCConfigurationList section */
	};
	rootObject = 36A39C011B2E0AE900BE0C77 /* Project object */;
}
