// !$*UTF8*$!
{
	archiveVersion = 1;
	classes = {
	};
	objectVersion = 47;
	objects = {

/* Begin PBXBuildFile section */
		36065CED1B92522800AF0102 /* HighFiApi.swift in Sources */ = {isa = PBXBuildFile; fileRef = 36065CEC1B92522800AF0102 /* HighFiApi.swift */; };
		360B4E311B4C69D70019FA1F /* SettingsViewController.swift in Sources */ = {isa = PBXBuildFile; fileRef = 360B4E301B4C69D70019FA1F /* SettingsViewController.swift */; };
		3611412A1B408A85001A6BA4 /* Settings.swift in Sources */ = {isa = PBXBuildFile; fileRef = 361141291B408A85001A6BA4 /* Settings.swift */; };
		3611412F1B409459001A6BA4 /* InfoController.swift in Sources */ = {isa = PBXBuildFile; fileRef = 3611412E1B409459001A6BA4 /* InfoController.swift */; };
		361DEC6F1B43FE1C004014C4 /* OrderedDictionary.swift in Sources */ = {isa = PBXBuildFile; fileRef = 361DEC6E1B43FE1C004014C4 /* OrderedDictionary.swift */; };
		36221F091B3F385F00CB10AB /* app-logo_40x40.png in Resources */ = {isa = PBXBuildFile; fileRef = 36221F081B3F385F00CB10AB /* app-logo_40x40.png */; };
		36221F0E1B3F3DF000CB10AB /* app-logo_1024x1024.png in Resources */ = {isa = PBXBuildFile; fileRef = 36221F0D1B3F3DF000CB10AB /* app-logo_1024x1024.png */; };
		364F067A1BC456FC00362DF6 /* FavoriteCategoriesViewController.swift in Sources */ = {isa = PBXBuildFile; fileRef = 364F06791BC456FC00362DF6 /* FavoriteCategoriesViewController.swift */; settings = {ASSET_TAGS = (); }; };
		3650D7871B9312B000A4D528 /* Localizable.strings in Resources */ = {isa = PBXBuildFile; fileRef = 3650D7801B9312B000A4D528 /* Localizable.strings */; };
		3650D7881B9312B000A4D528 /* Localizable.strings in Resources */ = {isa = PBXBuildFile; fileRef = 3650D7831B9312B000A4D528 /* Localizable.strings */; };
		3650D7891B9312B000A4D528 /* Main.strings in Resources */ = {isa = PBXBuildFile; fileRef = 3650D7851B9312B000A4D528 /* Main.strings */; };
		365A045B1B3EB9090032C5B6 /* EntryCell.swift in Sources */ = {isa = PBXBuildFile; fileRef = 365A045A1B3EB9090032C5B6 /* EntryCell.swift */; };
		36778F7B1B3760C000F387E0 /* Default-375w-667h@2x~iphone.png in Resources */ = {isa = PBXBuildFile; fileRef = 36778F701B3760C000F387E0 /* Default-375w-667h@2x~iphone.png */; };
		36778F7C1B3760C000F387E0 /* Default-414w-736h@3x~iphone.png in Resources */ = {isa = PBXBuildFile; fileRef = 36778F711B3760C000F387E0 /* Default-414w-736h@3x~iphone.png */; };
		36778F7D1B3760C000F387E0 /* Default-568h@2x~iphone.png in Resources */ = {isa = PBXBuildFile; fileRef = 36778F721B3760C000F387E0 /* Default-568h@2x~iphone.png */; };
		36778F7E1B3760C000F387E0 /* Default-667h@2x~iphone.png in Resources */ = {isa = PBXBuildFile; fileRef = 36778F731B3760C000F387E0 /* Default-667h@2x~iphone.png */; };
		36778F7F1B3760C000F387E0 /* Default-736h@3x~iphone.png in Resources */ = {isa = PBXBuildFile; fileRef = 36778F741B3760C000F387E0 /* Default-736h@3x~iphone.png */; };
		36778F801B3760C000F387E0 /* Default-Landscape@2x~ipad.png in Resources */ = {isa = PBXBuildFile; fileRef = 36778F751B3760C000F387E0 /* Default-Landscape@2x~ipad.png */; };
		36778F811B3760C000F387E0 /* Default-Landscape@3x.png in Resources */ = {isa = PBXBuildFile; fileRef = 36778F761B3760C000F387E0 /* Default-Landscape@3x.png */; };
		36778F821B3760C000F387E0 /* Default-Landscape~ipad.png in Resources */ = {isa = PBXBuildFile; fileRef = 36778F771B3760C000F387E0 /* Default-Landscape~ipad.png */; };
		36778F831B3760C000F387E0 /* Default-Portrait@2x~ipad.png in Resources */ = {isa = PBXBuildFile; fileRef = 36778F781B3760C000F387E0 /* Default-Portrait@2x~ipad.png */; };
		36778F841B3760C000F387E0 /* Default-Portrait~ipad.png in Resources */ = {isa = PBXBuildFile; fileRef = 36778F791B3760C000F387E0 /* Default-Portrait~ipad.png */; };
		36778F851B3760C000F387E0 /* Default@2x~iphone.png in Resources */ = {isa = PBXBuildFile; fileRef = 36778F7A1B3760C000F387E0 /* Default@2x~iphone.png */; };
		36778F881B37651000F387E0 /* iTunesArtwork.png in Resources */ = {isa = PBXBuildFile; fileRef = 36778F861B37651000F387E0 /* iTunesArtwork.png */; };
		36778F891B37651000F387E0 /* iTunesArtwork@2x.png in Resources */ = {isa = PBXBuildFile; fileRef = 36778F871B37651000F387E0 /* iTunesArtwork@2x.png */; };
		36A39C0F1B2E0AE900BE0C77 /* AppDelegate.swift in Sources */ = {isa = PBXBuildFile; fileRef = 36A39C0E1B2E0AE900BE0C77 /* AppDelegate.swift */; };
		36A39C141B2E0AE900BE0C77 /* Main.storyboard in Resources */ = {isa = PBXBuildFile; fileRef = 36A39C121B2E0AE900BE0C77 /* Main.storyboard */; };
		36A39C161B2E0AE900BE0C77 /* Images.xcassets in Resources */ = {isa = PBXBuildFile; fileRef = 36A39C151B2E0AE900BE0C77 /* Images.xcassets */; };
		36A39C251B2E0AE900BE0C77 /* HaikaraTests.swift in Sources */ = {isa = PBXBuildFile; fileRef = 36A39C241B2E0AE900BE0C77 /* HaikaraTests.swift */; };
		36B264341BBC6C5D00F008FA /* Alamofire.framework in Frameworks */ = {isa = PBXBuildFile; fileRef = 36B264331BBC6C5D00F008FA /* Alamofire.framework */; settings = {ASSET_TAGS = (); }; };
		36B3F4391B9B0BBC0095F85A /* ionicons.ttf in Resources */ = {isa = PBXBuildFile; fileRef = 36B3F4381B9B0BBC0095F85A /* ionicons.ttf */; };
		36B3F4401B9B106F0095F85A /* Iconfonts-ionicons.swift in Sources */ = {isa = PBXBuildFile; fileRef = 36B3F43F1B9B106F0095F85A /* Iconfonts-ionicons.swift */; };
		36B3F4421B9B19D70095F85A /* ios-gear-outline.png in Resources */ = {isa = PBXBuildFile; fileRef = 36B3F4411B9B19D70095F85A /* ios-gear-outline.png */; };
		36B3F4451B9B1B0A0095F85A /* ios-funnel.png in Resources */ = {isa = PBXBuildFile; fileRef = 36B3F4431B9B1B0A0095F85A /* ios-funnel.png */; };
		36B3F4461B9B1B0A0095F85A /* ios-list-outline.png in Resources */ = {isa = PBXBuildFile; fileRef = 36B3F4441B9B1B0A0095F85A /* ios-list-outline.png */; };
		36C04C951B2F65DD000921A7 /* NewsItemViewController.swift in Sources */ = {isa = PBXBuildFile; fileRef = 36C04C941B2F65DD000921A7 /* NewsItemViewController.swift */; };
		36C1AFF21B2E32A400D87522 /* DetailViewController.swift in Sources */ = {isa = PBXBuildFile; fileRef = 36C1AFF11B2E32A400D87522 /* DetailViewController.swift */; };
		36EAF6E01B3DF58A00FAD6EC /* MasterViewController.swift in Sources */ = {isa = PBXBuildFile; fileRef = 36EAF6DF1B3DF58A00FAD6EC /* MasterViewController.swift */; };
		36EAF6E51B3DF64000FAD6EC /* DataModels.swift in Sources */ = {isa = PBXBuildFile; fileRef = 36EAF6E41B3DF64000FAD6EC /* DataModels.swift */; };
/* End PBXBuildFile section */

/* Begin PBXContainerItemProxy section */
		36A39C1F1B2E0AE900BE0C77 /* PBXContainerItemProxy */ = {
			isa = PBXContainerItemProxy;
			containerPortal = 36A39C011B2E0AE900BE0C77 /* Project object */;
			proxyType = 1;
			remoteGlobalIDString = 36A39C081B2E0AE900BE0C77;
			remoteInfo = Haikara;
		};
/* End PBXContainerItemProxy section */

/* Begin PBXFileReference section */
		36065CEC1B92522800AF0102 /* HighFiApi.swift */ = {isa = PBXFileReference; fileEncoding = 4; lastKnownFileType = sourcecode.swift; path = HighFiApi.swift; sourceTree = "<group>"; };
		360B4E301B4C69D70019FA1F /* SettingsViewController.swift */ = {isa = PBXFileReference; fileEncoding = 4; lastKnownFileType = sourcecode.swift; path = SettingsViewController.swift; sourceTree = "<group>"; };
		361141291B408A85001A6BA4 /* Settings.swift */ = {isa = PBXFileReference; fileEncoding = 4; lastKnownFileType = sourcecode.swift; path = Settings.swift; sourceTree = "<group>"; };
		3611412E1B409459001A6BA4 /* InfoController.swift */ = {isa = PBXFileReference; fileEncoding = 4; lastKnownFileType = sourcecode.swift; path = InfoController.swift; sourceTree = "<group>"; };
		361DEC6E1B43FE1C004014C4 /* OrderedDictionary.swift */ = {isa = PBXFileReference; fileEncoding = 4; lastKnownFileType = sourcecode.swift; path = OrderedDictionary.swift; sourceTree = "<group>"; };
		36221F081B3F385F00CB10AB /* app-logo_40x40.png */ = {isa = PBXFileReference; lastKnownFileType = image.png; path = "app-logo_40x40.png"; sourceTree = "<group>"; };
		36221F0D1B3F3DF000CB10AB /* app-logo_1024x1024.png */ = {isa = PBXFileReference; lastKnownFileType = image.png; path = "app-logo_1024x1024.png"; sourceTree = "<group>"; };
		3635B1F41B4C7AA3005BC9E4 /* fi */ = {isa = PBXFileReference; lastKnownFileType = text.plist.strings; name = fi; path = Resources/fi.lproj/Main.strings; sourceTree = "<group>"; };
		364F06791BC456FC00362DF6 /* FavoriteCategoriesViewController.swift */ = {isa = PBXFileReference; fileEncoding = 4; lastKnownFileType = sourcecode.swift; path = FavoriteCategoriesViewController.swift; sourceTree = "<group>"; };
		3650D7811B9312B000A4D528 /* en */ = {isa = PBXFileReference; lastKnownFileType = text.plist.strings; name = en; path = Localizable.strings; sourceTree = "<group>"; };
		3650D7841B9312B000A4D528 /* fi */ = {isa = PBXFileReference; lastKnownFileType = text.plist.strings; name = fi; path = Localizable.strings; sourceTree = "<group>"; };
		3650D7861B9312B000A4D528 /* fi */ = {isa = PBXFileReference; lastKnownFileType = text.plist.strings; name = fi; path = Main.strings; sourceTree = "<group>"; };
		365A045A1B3EB9090032C5B6 /* EntryCell.swift */ = {isa = PBXFileReference; fileEncoding = 4; lastKnownFileType = sourcecode.swift; path = EntryCell.swift; sourceTree = "<group>"; };
		36778F701B3760C000F387E0 /* Default-375w-667h@2x~iphone.png */ = {isa = PBXFileReference; lastKnownFileType = image.png; path = "Default-375w-667h@2x~iphone.png"; sourceTree = "<group>"; };
		36778F711B3760C000F387E0 /* Default-414w-736h@3x~iphone.png */ = {isa = PBXFileReference; lastKnownFileType = image.png; path = "Default-414w-736h@3x~iphone.png"; sourceTree = "<group>"; };
		36778F721B3760C000F387E0 /* Default-568h@2x~iphone.png */ = {isa = PBXFileReference; lastKnownFileType = image.png; path = "Default-568h@2x~iphone.png"; sourceTree = "<group>"; };
		36778F731B3760C000F387E0 /* Default-667h@2x~iphone.png */ = {isa = PBXFileReference; lastKnownFileType = image.png; path = "Default-667h@2x~iphone.png"; sourceTree = "<group>"; };
		36778F741B3760C000F387E0 /* Default-736h@3x~iphone.png */ = {isa = PBXFileReference; lastKnownFileType = image.png; path = "Default-736h@3x~iphone.png"; sourceTree = "<group>"; };
		36778F751B3760C000F387E0 /* Default-Landscape@2x~ipad.png */ = {isa = PBXFileReference; lastKnownFileType = image.png; path = "Default-Landscape@2x~ipad.png"; sourceTree = "<group>"; };
		36778F761B3760C000F387E0 /* Default-Landscape@3x.png */ = {isa = PBXFileReference; lastKnownFileType = image.png; path = "Default-Landscape@3x.png"; sourceTree = "<group>"; };
		36778F771B3760C000F387E0 /* Default-Landscape~ipad.png */ = {isa = PBXFileReference; lastKnownFileType = image.png; path = "Default-Landscape~ipad.png"; sourceTree = "<group>"; };
		36778F781B3760C000F387E0 /* Default-Portrait@2x~ipad.png */ = {isa = PBXFileReference; lastKnownFileType = image.png; path = "Default-Portrait@2x~ipad.png"; sourceTree = "<group>"; };
		36778F791B3760C000F387E0 /* Default-Portrait~ipad.png */ = {isa = PBXFileReference; lastKnownFileType = image.png; path = "Default-Portrait~ipad.png"; sourceTree = "<group>"; };
		36778F7A1B3760C000F387E0 /* Default@2x~iphone.png */ = {isa = PBXFileReference; lastKnownFileType = image.png; path = "Default@2x~iphone.png"; sourceTree = "<group>"; };
		36778F861B37651000F387E0 /* iTunesArtwork.png */ = {isa = PBXFileReference; lastKnownFileType = image.png; path = iTunesArtwork.png; sourceTree = "<group>"; };
		36778F871B37651000F387E0 /* iTunesArtwork@2x.png */ = {isa = PBXFileReference; lastKnownFileType = image.png; path = "iTunesArtwork@2x.png"; sourceTree = "<group>"; };
		36A39C091B2E0AE900BE0C77 /* highkara.app */ = {isa = PBXFileReference; explicitFileType = wrapper.application; includeInIndex = 0; path = highkara.app; sourceTree = BUILT_PRODUCTS_DIR; };
		36A39C0D1B2E0AE900BE0C77 /* Info.plist */ = {isa = PBXFileReference; lastKnownFileType = text.plist.xml; path = Info.plist; sourceTree = "<group>"; };
		36A39C0E1B2E0AE900BE0C77 /* AppDelegate.swift */ = {isa = PBXFileReference; lastKnownFileType = sourcecode.swift; path = AppDelegate.swift; sourceTree = "<group>"; };
		36A39C131B2E0AE900BE0C77 /* Base */ = {isa = PBXFileReference; lastKnownFileType = file.storyboard; name = Base; path = Base.lproj/Main.storyboard; sourceTree = "<group>"; };
		36A39C151B2E0AE900BE0C77 /* Images.xcassets */ = {isa = PBXFileReference; lastKnownFileType = folder.assetcatalog; path = Images.xcassets; sourceTree = "<group>"; };
		36A39C1E1B2E0AE900BE0C77 /* highkaraTests.xctest */ = {isa = PBXFileReference; explicitFileType = wrapper.cfbundle; includeInIndex = 0; path = highkaraTests.xctest; sourceTree = BUILT_PRODUCTS_DIR; };
		36A39C231B2E0AE900BE0C77 /* Info.plist */ = {isa = PBXFileReference; lastKnownFileType = text.plist.xml; path = Info.plist; sourceTree = "<group>"; };
		36A39C241B2E0AE900BE0C77 /* HaikaraTests.swift */ = {isa = PBXFileReference; lastKnownFileType = sourcecode.swift; path = HaikaraTests.swift; sourceTree = "<group>"; };
		36B264331BBC6C5D00F008FA /* Alamofire.framework */ = {isa = PBXFileReference; lastKnownFileType = wrapper.framework; name = Alamofire.framework; path = Carthage/Build/iOS/Alamofire.framework; sourceTree = "<group>"; };
		36B3F4381B9B0BBC0095F85A /* ionicons.ttf */ = {isa = PBXFileReference; lastKnownFileType = file; path = ionicons.ttf; sourceTree = "<group>"; };
		36B3F43F1B9B106F0095F85A /* Iconfonts-ionicons.swift */ = {isa = PBXFileReference; fileEncoding = 4; lastKnownFileType = sourcecode.swift; path = "Iconfonts-ionicons.swift"; sourceTree = "<group>"; };
		36B3F4411B9B19D70095F85A /* ios-gear-outline.png */ = {isa = PBXFileReference; lastKnownFileType = image.png; path = "ios-gear-outline.png"; sourceTree = "<group>"; };
		36B3F4431B9B1B0A0095F85A /* ios-funnel.png */ = {isa = PBXFileReference; lastKnownFileType = image.png; path = "ios-funnel.png"; sourceTree = "<group>"; };
		36B3F4441B9B1B0A0095F85A /* ios-list-outline.png */ = {isa = PBXFileReference; lastKnownFileType = image.png; path = "ios-list-outline.png"; sourceTree = "<group>"; };
		36C04C941B2F65DD000921A7 /* NewsItemViewController.swift */ = {isa = PBXFileReference; fileEncoding = 4; lastKnownFileType = sourcecode.swift; path = NewsItemViewController.swift; sourceTree = "<group>"; };
		36C1AFF11B2E32A400D87522 /* DetailViewController.swift */ = {isa = PBXFileReference; fileEncoding = 4; lastKnownFileType = sourcecode.swift; path = DetailViewController.swift; sourceTree = "<group>"; usesTabs = 1; };
		36EAF6DF1B3DF58A00FAD6EC /* MasterViewController.swift */ = {isa = PBXFileReference; fileEncoding = 4; lastKnownFileType = sourcecode.swift; path = MasterViewController.swift; sourceTree = "<group>"; };
		36EAF6E41B3DF64000FAD6EC /* DataModels.swift */ = {isa = PBXFileReference; fileEncoding = 4; lastKnownFileType = sourcecode.swift; path = DataModels.swift; sourceTree = "<group>"; };
/* End PBXFileReference section */

/* Begin PBXFrameworksBuildPhase section */
		36A39C061B2E0AE900BE0C77 /* Frameworks */ = {
			isa = PBXFrameworksBuildPhase;
			buildActionMask = 2147483647;
			files = (
				36B264341BBC6C5D00F008FA /* Alamofire.framework in Frameworks */,
			);
			runOnlyForDeploymentPostprocessing = 0;
		};
		36A39C1B1B2E0AE900BE0C77 /* Frameworks */ = {
			isa = PBXFrameworksBuildPhase;
			buildActionMask = 2147483647;
			files = (
			);
			runOnlyForDeploymentPostprocessing = 0;
		};
/* End PBXFrameworksBuildPhase section */

/* Begin PBXGroup section */
		3650D77F1B9312B000A4D528 /* en.lproj */ = {
			isa = PBXGroup;
			children = (
				3650D7801B9312B000A4D528 /* Localizable.strings */,
			);
			name = en.lproj;
			path = Resources/en.lproj;
			sourceTree = "<group>";
		};
		3650D7821B9312B000A4D528 /* fi.lproj */ = {
			isa = PBXGroup;
			children = (
				3650D7851B9312B000A4D528 /* Main.strings */,
				3650D7831B9312B000A4D528 /* Localizable.strings */,
			);
			name = fi.lproj;
			path = Resources/fi.lproj;
			sourceTree = "<group>";
		};
		36778F6F1B3760C000F387E0 /* Resources */ = {
			isa = PBXGroup;
			children = (
				36B3F4381B9B0BBC0095F85A /* ionicons.ttf */,
				36D3DC2A1B9319F8000673ED /* icons */,
				36221F0D1B3F3DF000CB10AB /* app-logo_1024x1024.png */,
				36221F081B3F385F00CB10AB /* app-logo_40x40.png */,
				36778F861B37651000F387E0 /* iTunesArtwork.png */,
				36778F871B37651000F387E0 /* iTunesArtwork@2x.png */,
				36778F701B3760C000F387E0 /* Default-375w-667h@2x~iphone.png */,
				36778F711B3760C000F387E0 /* Default-414w-736h@3x~iphone.png */,
				36778F721B3760C000F387E0 /* Default-568h@2x~iphone.png */,
				36778F731B3760C000F387E0 /* Default-667h@2x~iphone.png */,
				36778F741B3760C000F387E0 /* Default-736h@3x~iphone.png */,
				36778F751B3760C000F387E0 /* Default-Landscape@2x~ipad.png */,
				36778F761B3760C000F387E0 /* Default-Landscape@3x.png */,
				36778F771B3760C000F387E0 /* Default-Landscape~ipad.png */,
				36778F781B3760C000F387E0 /* Default-Portrait@2x~ipad.png */,
				36778F791B3760C000F387E0 /* Default-Portrait~ipad.png */,
				36778F7A1B3760C000F387E0 /* Default@2x~iphone.png */,
			);
			path = Resources;
			sourceTree = "<group>";
		};
		36A39C001B2E0AE900BE0C77 = {
			isa = PBXGroup;
			children = (
				36B264331BBC6C5D00F008FA /* Alamofire.framework */,
				36A39C0B1B2E0AE900BE0C77 /* Haikara */,
				36A39C211B2E0AE900BE0C77 /* HaikaraTests */,
				36A39C0A1B2E0AE900BE0C77 /* Products */,
			);
			sourceTree = "<group>";
		};
		36A39C0A1B2E0AE900BE0C77 /* Products */ = {
			isa = PBXGroup;
			children = (
				36A39C091B2E0AE900BE0C77 /* highkara.app */,
				36A39C1E1B2E0AE900BE0C77 /* highkaraTests.xctest */,
			);
			name = Products;
			sourceTree = "<group>";
		};
		36A39C0B1B2E0AE900BE0C77 /* Haikara */ = {
			isa = PBXGroup;
			children = (
				36778F6F1B3760C000F387E0 /* Resources */,
				36C1AFF11B2E32A400D87522 /* DetailViewController.swift */,
				36A39C0E1B2E0AE900BE0C77 /* AppDelegate.swift */,
				36A39C121B2E0AE900BE0C77 /* Main.storyboard */,
				36A39C151B2E0AE900BE0C77 /* Images.xcassets */,
				36A39C0C1B2E0AE900BE0C77 /* Supporting Files */,
				36C04C941B2F65DD000921A7 /* NewsItemViewController.swift */,
				36EAF6DF1B3DF58A00FAD6EC /* MasterViewController.swift */,
				36EAF6E41B3DF64000FAD6EC /* DataModels.swift */,
				365A045A1B3EB9090032C5B6 /* EntryCell.swift */,
				361141291B408A85001A6BA4 /* Settings.swift */,
				3611412E1B409459001A6BA4 /* InfoController.swift */,
				361DEC6E1B43FE1C004014C4 /* OrderedDictionary.swift */,
				360B4E301B4C69D70019FA1F /* SettingsViewController.swift */,
				36065CEC1B92522800AF0102 /* HighFiApi.swift */,
				36B3F43F1B9B106F0095F85A /* Iconfonts-ionicons.swift */,
				364F06791BC456FC00362DF6 /* FavoriteCategoriesViewController.swift */,
			);
			path = Haikara;
			sourceTree = "<group>";
		};
		36A39C0C1B2E0AE900BE0C77 /* Supporting Files */ = {
			isa = PBXGroup;
			children = (
				3650D77F1B9312B000A4D528 /* en.lproj */,
				3650D7821B9312B000A4D528 /* fi.lproj */,
				36A39C0D1B2E0AE900BE0C77 /* Info.plist */,
			);
			name = "Supporting Files";
			sourceTree = "<group>";
		};
		36A39C211B2E0AE900BE0C77 /* HaikaraTests */ = {
			isa = PBXGroup;
			children = (
				36A39C241B2E0AE900BE0C77 /* HaikaraTests.swift */,
				36A39C221B2E0AE900BE0C77 /* Supporting Files */,
			);
			path = HaikaraTests;
			sourceTree = "<group>";
		};
		36A39C221B2E0AE900BE0C77 /* Supporting Files */ = {
			isa = PBXGroup;
			children = (
				36A39C231B2E0AE900BE0C77 /* Info.plist */,
			);
			name = "Supporting Files";
			sourceTree = "<group>";
		};
		36D3DC2A1B9319F8000673ED /* icons */ = {
			isa = PBXGroup;
			children = (
				36B3F4431B9B1B0A0095F85A /* ios-funnel.png */,
				36B3F4441B9B1B0A0095F85A /* ios-list-outline.png */,
				36B3F4411B9B19D70095F85A /* ios-gear-outline.png */,
			);
			path = icons;
			sourceTree = "<group>";
		};
/* End PBXGroup section */

/* Begin PBXNativeTarget section */
		36A39C081B2E0AE900BE0C77 /* highkara */ = {
			isa = PBXNativeTarget;
			buildConfigurationList = 36A39C281B2E0AE900BE0C77 /* Build configuration list for PBXNativeTarget "highkara" */;
			buildPhases = (
				36A39C051B2E0AE900BE0C77 /* Sources */,
				36A39C061B2E0AE900BE0C77 /* Frameworks */,
				36A39C071B2E0AE900BE0C77 /* Resources */,
				36B264351BBC6CB700F008FA /* ShellScript */,
			);
			buildRules = (
			);
			dependencies = (
			);
			name = highkara;
			productName = Haikara;
			productReference = 36A39C091B2E0AE900BE0C77 /* highkara.app */;
			productType = "com.apple.product-type.application";
		};
		36A39C1D1B2E0AE900BE0C77 /* highkaraTests */ = {
			isa = PBXNativeTarget;
			buildConfigurationList = 36A39C2B1B2E0AE900BE0C77 /* Build configuration list for PBXNativeTarget "highkaraTests" */;
			buildPhases = (
				36A39C1A1B2E0AE900BE0C77 /* Sources */,
				36A39C1B1B2E0AE900BE0C77 /* Frameworks */,
				36A39C1C1B2E0AE900BE0C77 /* Resources */,
			);
			buildRules = (
			);
			dependencies = (
				36A39C201B2E0AE900BE0C77 /* PBXTargetDependency */,
			);
			name = highkaraTests;
			productName = HaikaraTests;
			productReference = 36A39C1E1B2E0AE900BE0C77 /* highkaraTests.xctest */;
			productType = "com.apple.product-type.bundle.unit-test";
		};
/* End PBXNativeTarget section */

/* Begin PBXProject section */
		36A39C011B2E0AE900BE0C77 /* Project object */ = {
			isa = PBXProject;
			attributes = {
				CLASSPREFIX = com.ruleoftech;
				LastSwiftMigration = 0700;
				LastSwiftUpdateCheck = 0700;
				LastUpgradeCheck = 0700;
				ORGANIZATIONNAME = "Rule of tech";
				TargetAttributes = {
					36A39C081B2E0AE900BE0C77 = {
						CreatedOnToolsVersion = 6.3.2;
						DevelopmentTeam = 8X9ZUVVBWA;
					};
					36A39C1D1B2E0AE900BE0C77 = {
						CreatedOnToolsVersion = 6.3.2;
						TestTargetID = 36A39C081B2E0AE900BE0C77;
					};
				};
			};
			buildConfigurationList = 36A39C041B2E0AE900BE0C77 /* Build configuration list for PBXProject "highkara" */;
			compatibilityVersion = "Xcode 6.3";
			developmentRegion = English;
			hasScannedForEncodings = 0;
			knownRegions = (
				en,
				Base,
				fi,
			);
			mainGroup = 36A39C001B2E0AE900BE0C77;
			productRefGroup = 36A39C0A1B2E0AE900BE0C77 /* Products */;
			projectDirPath = "";
			projectRoot = "";
			targets = (
				36A39C081B2E0AE900BE0C77 /* highkara */,
				36A39C1D1B2E0AE900BE0C77 /* highkaraTests */,
			);
		};
/* End PBXProject section */

/* Begin PBXResourcesBuildPhase section */
		36A39C071B2E0AE900BE0C77 /* Resources */ = {
			isa = PBXResourcesBuildPhase;
			buildActionMask = 2147483647;
			files = (
				36A39C141B2E0AE900BE0C77 /* Main.storyboard in Resources */,
				36778F891B37651000F387E0 /* iTunesArtwork@2x.png in Resources */,
				36778F7D1B3760C000F387E0 /* Default-568h@2x~iphone.png in Resources */,
				36778F7C1B3760C000F387E0 /* Default-414w-736h@3x~iphone.png in Resources */,
				36221F091B3F385F00CB10AB /* app-logo_40x40.png in Resources */,
				36778F801B3760C000F387E0 /* Default-Landscape@2x~ipad.png in Resources */,
				36778F821B3760C000F387E0 /* Default-Landscape~ipad.png in Resources */,
				36778F831B3760C000F387E0 /* Default-Portrait@2x~ipad.png in Resources */,
				36778F811B3760C000F387E0 /* Default-Landscape@3x.png in Resources */,
				3650D7891B9312B000A4D528 /* Main.strings in Resources */,
				36778F7F1B3760C000F387E0 /* Default-736h@3x~iphone.png in Resources */,
				36221F0E1B3F3DF000CB10AB /* app-logo_1024x1024.png in Resources */,
				36778F7B1B3760C000F387E0 /* Default-375w-667h@2x~iphone.png in Resources */,
				36A39C161B2E0AE900BE0C77 /* Images.xcassets in Resources */,
				3650D7871B9312B000A4D528 /* Localizable.strings in Resources */,
				36B3F4421B9B19D70095F85A /* ios-gear-outline.png in Resources */,
				36B3F4391B9B0BBC0095F85A /* ionicons.ttf in Resources */,
				36778F881B37651000F387E0 /* iTunesArtwork.png in Resources */,
				36B3F4451B9B1B0A0095F85A /* ios-funnel.png in Resources */,
				36778F851B3760C000F387E0 /* Default@2x~iphone.png in Resources */,
				3650D7881B9312B000A4D528 /* Localizable.strings in Resources */,
				36778F7E1B3760C000F387E0 /* Default-667h@2x~iphone.png in Resources */,
				36778F841B3760C000F387E0 /* Default-Portrait~ipad.png in Resources */,
				36B3F4461B9B1B0A0095F85A /* ios-list-outline.png in Resources */,
			);
			runOnlyForDeploymentPostprocessing = 0;
		};
		36A39C1C1B2E0AE900BE0C77 /* Resources */ = {
			isa = PBXResourcesBuildPhase;
			buildActionMask = 2147483647;
			files = (
			);
			runOnlyForDeploymentPostprocessing = 0;
		};
/* End PBXResourcesBuildPhase section */

/* Begin PBXShellScriptBuildPhase section */
		36B264351BBC6CB700F008FA /* ShellScript */ = {
			isa = PBXShellScriptBuildPhase;
			buildActionMask = 2147483647;
			files = (
			);
			inputPaths = (
				"$(SRCROOT)/Carthage/Build/iOS/Alamofire.framework",
			);
			outputPaths = (
			);
			runOnlyForDeploymentPostprocessing = 0;
			shellPath = /bin/sh;
			shellScript = "/usr/local/bin/carthage copy-frameworks";
		};
/* End PBXShellScriptBuildPhase section */

/* Begin PBXSourcesBuildPhase section */
		36A39C051B2E0AE900BE0C77 /* Sources */ = {
			isa = PBXSourcesBuildPhase;
			buildActionMask = 2147483647;
			files = (
				361DEC6F1B43FE1C004014C4 /* OrderedDictionary.swift in Sources */,
				36C04C951B2F65DD000921A7 /* NewsItemViewController.swift in Sources */,
				36C1AFF21B2E32A400D87522 /* DetailViewController.swift in Sources */,
				360B4E311B4C69D70019FA1F /* SettingsViewController.swift in Sources */,
				36EAF6E51B3DF64000FAD6EC /* DataModels.swift in Sources */,
				36A39C0F1B2E0AE900BE0C77 /* AppDelegate.swift in Sources */,
				3611412A1B408A85001A6BA4 /* Settings.swift in Sources */,
				36065CED1B92522800AF0102 /* HighFiApi.swift in Sources */,
				365A045B1B3EB9090032C5B6 /* EntryCell.swift in Sources */,
				364F067A1BC456FC00362DF6 /* FavoriteCategoriesViewController.swift in Sources */,
				36B3F4401B9B106F0095F85A /* Iconfonts-ionicons.swift in Sources */,
				36EAF6E01B3DF58A00FAD6EC /* MasterViewController.swift in Sources */,
				3611412F1B409459001A6BA4 /* InfoController.swift in Sources */,
			);
			runOnlyForDeploymentPostprocessing = 0;
		};
		36A39C1A1B2E0AE900BE0C77 /* Sources */ = {
			isa = PBXSourcesBuildPhase;
			buildActionMask = 2147483647;
			files = (
				36A39C251B2E0AE900BE0C77 /* HaikaraTests.swift in Sources */,
			);
			runOnlyForDeploymentPostprocessing = 0;
		};
/* End PBXSourcesBuildPhase section */

/* Begin PBXTargetDependency section */
		36A39C201B2E0AE900BE0C77 /* PBXTargetDependency */ = {
			isa = PBXTargetDependency;
			target = 36A39C081B2E0AE900BE0C77 /* highkara */;
			targetProxy = 36A39C1F1B2E0AE900BE0C77 /* PBXContainerItemProxy */;
		};
/* End PBXTargetDependency section */

/* Begin PBXVariantGroup section */
		3650D7801B9312B000A4D528 /* Localizable.strings */ = {
			isa = PBXVariantGroup;
			children = (
				3650D7811B9312B000A4D528 /* en */,
			);
			name = Localizable.strings;
			sourceTree = "<group>";
		};
		3650D7831B9312B000A4D528 /* Localizable.strings */ = {
			isa = PBXVariantGroup;
			children = (
				3650D7841B9312B000A4D528 /* fi */,
			);
			name = Localizable.strings;
			sourceTree = "<group>";
		};
		3650D7851B9312B000A4D528 /* Main.strings */ = {
			isa = PBXVariantGroup;
			children = (
				3650D7861B9312B000A4D528 /* fi */,
			);
			name = Main.strings;
			sourceTree = "<group>";
		};
		36A39C121B2E0AE900BE0C77 /* Main.storyboard */ = {
			isa = PBXVariantGroup;
			children = (
				36A39C131B2E0AE900BE0C77 /* Base */,
				3635B1F41B4C7AA3005BC9E4 /* fi */,
			);
			name = Main.storyboard;
			sourceTree = "<group>";
		};
/* End PBXVariantGroup section */

/* Begin XCBuildConfiguration section */
		36A39C261B2E0AE900BE0C77 /* Debug */ = {
			isa = XCBuildConfiguration;
			buildSettings = {
				ALWAYS_SEARCH_USER_PATHS = NO;
				CLANG_CXX_LANGUAGE_STANDARD = "gnu++0x";
				CLANG_CXX_LIBRARY = "libc++";
				CLANG_ENABLE_MODULES = YES;
				CLANG_ENABLE_OBJC_ARC = YES;
				CLANG_WARN_BOOL_CONVERSION = YES;
				CLANG_WARN_CONSTANT_CONVERSION = YES;
				CLANG_WARN_DIRECT_OBJC_ISA_USAGE = YES_ERROR;
				CLANG_WARN_EMPTY_BODY = YES;
				CLANG_WARN_ENUM_CONVERSION = YES;
				CLANG_WARN_INT_CONVERSION = YES;
				CLANG_WARN_OBJC_ROOT_CLASS = YES_ERROR;
				CLANG_WARN_UNREACHABLE_CODE = YES;
				CLANG_WARN__DUPLICATE_METHOD_MATCH = YES;
				CODE_SIGN_IDENTITY = "iPhone Distribution: Marko Wallin (8X9ZUVVBWA)";
				"CODE_SIGN_IDENTITY[sdk=iphoneos*]" = "iPhone Distribution: Marko Wallin (8X9ZUVVBWA)";
				COPY_PHASE_STRIP = YES;
				DEBUG_INFORMATION_FORMAT = "dwarf-with-dsym";
				ENABLE_STRICT_OBJC_MSGSEND = YES;
				ENABLE_TESTABILITY = YES;
				GCC_C_LANGUAGE_STANDARD = gnu99;
				GCC_DYNAMIC_NO_PIC = NO;
				GCC_NO_COMMON_BLOCKS = YES;
				GCC_OPTIMIZATION_LEVEL = 0;
				GCC_PREPROCESSOR_DEFINITIONS = (
					"DEBUG=1",
					"$(inherited)",
				);
				GCC_SYMBOLS_PRIVATE_EXTERN = NO;
				GCC_WARN_64_TO_32_BIT_CONVERSION = YES;
				GCC_WARN_ABOUT_RETURN_TYPE = YES_ERROR;
				GCC_WARN_UNDECLARED_SELECTOR = YES;
				GCC_WARN_UNINITIALIZED_AUTOS = YES_AGGRESSIVE;
				GCC_WARN_UNUSED_FUNCTION = YES;
				GCC_WARN_UNUSED_VARIABLE = YES;
				IPHONEOS_DEPLOYMENT_TARGET = 8.0;
				MTL_ENABLE_DEBUG_INFO = YES;
				ONLY_ACTIVE_ARCH = YES;
				PROVISIONING_PROFILE = "9ce39dbd-7117-4616-a1b4-96bfdaca4382";
				SDKROOT = iphoneos;
				SWIFT_OPTIMIZATION_LEVEL = "-Onone";
				TARGETED_DEVICE_FAMILY = "1,2";
			};
			name = Debug;
		};
		36A39C271B2E0AE900BE0C77 /* Release */ = {
			isa = XCBuildConfiguration;
			buildSettings = {
				ALWAYS_SEARCH_USER_PATHS = NO;
				CLANG_CXX_LANGUAGE_STANDARD = "gnu++0x";
				CLANG_CXX_LIBRARY = "libc++";
				CLANG_ENABLE_MODULES = YES;
				CLANG_ENABLE_OBJC_ARC = YES;
				CLANG_WARN_BOOL_CONVERSION = YES;
				CLANG_WARN_CONSTANT_CONVERSION = YES;
				CLANG_WARN_DIRECT_OBJC_ISA_USAGE = YES_ERROR;
				CLANG_WARN_EMPTY_BODY = YES;
				CLANG_WARN_ENUM_CONVERSION = YES;
				CLANG_WARN_INT_CONVERSION = YES;
				CLANG_WARN_OBJC_ROOT_CLASS = YES_ERROR;
				CLANG_WARN_UNREACHABLE_CODE = YES;
				CLANG_WARN__DUPLICATE_METHOD_MATCH = YES;
				CODE_SIGN_IDENTITY = "iPhone Distribution: Marko Wallin (8X9ZUVVBWA)";
				"CODE_SIGN_IDENTITY[sdk=iphoneos*]" = "iPhone Distribution: Marko Wallin (8X9ZUVVBWA)";
				COPY_PHASE_STRIP = YES;
				DEBUG_INFORMATION_FORMAT = "dwarf-with-dsym";
				ENABLE_NS_ASSERTIONS = NO;
				ENABLE_STRICT_OBJC_MSGSEND = YES;
				GCC_C_LANGUAGE_STANDARD = gnu99;
				GCC_NO_COMMON_BLOCKS = YES;
				GCC_WARN_64_TO_32_BIT_CONVERSION = YES;
				GCC_WARN_ABOUT_RETURN_TYPE = YES_ERROR;
				GCC_WARN_UNDECLARED_SELECTOR = YES;
				GCC_WARN_UNINITIALIZED_AUTOS = YES_AGGRESSIVE;
				GCC_WARN_UNUSED_FUNCTION = YES;
				GCC_WARN_UNUSED_VARIABLE = YES;
				IPHONEOS_DEPLOYMENT_TARGET = 8.0;
				MTL_ENABLE_DEBUG_INFO = NO;
				ONLY_ACTIVE_ARCH = NO;
				PROVISIONING_PROFILE = "9ce39dbd-7117-4616-a1b4-96bfdaca4382";
				SDKROOT = iphoneos;
				TARGETED_DEVICE_FAMILY = "1,2";
				VALIDATE_PRODUCT = YES;
			};
			name = Release;
		};
		36A39C291B2E0AE900BE0C77 /* Debug */ = {
			isa = XCBuildConfiguration;
			buildSettings = {
				ASSETCATALOG_COMPILER_APPICON_NAME = AppIcon;
				CODE_SIGN_IDENTITY = "iPhone Distribution: Marko Wallin (8X9ZUVVBWA)";
				FRAMEWORK_SEARCH_PATHS = (
					"$(inherited)",
					"$(PROJECT_DIR)/Carthage/Build/iOS",
				);
				GCC_PREPROCESSOR_DEFINITIONS = "DEBUG=1";
				INFOPLIST_FILE = Haikara/Info.plist;
				IPHONEOS_DEPLOYMENT_TARGET = 8.0;
				LD_RUNPATH_SEARCH_PATHS = "$(inherited) @executable_path/Frameworks";
				MTL_ENABLE_DEBUG_INFO = YES;
				OTHER_SWIFT_FLAGS = "-D DEBUG";
				PRODUCT_BUNDLE_IDENTIFIER = "com.ruleoftech.$(PRODUCT_NAME:rfc1034identifier)";
				PRODUCT_NAME = "${TARGET_NAME}";
				PROVISIONING_PROFILE = "9ce39dbd-7117-4616-a1b4-96bfdaca4382";
				TARGETED_DEVICE_FAMILY = "1,2";
			};
			name = Debug;
		};
		36A39C2A1B2E0AE900BE0C77 /* Release */ = {
			isa = XCBuildConfiguration;
			buildSettings = {
				ASSETCATALOG_COMPILER_APPICON_NAME = AppIcon;
				CODE_SIGN_IDENTITY = "iPhone Distribution: Marko Wallin (8X9ZUVVBWA)";
				FRAMEWORK_SEARCH_PATHS = (
					"$(inherited)",
					"$(PROJECT_DIR)/Carthage/Build/iOS",
				);
				GCC_PREPROCESSOR_DEFINITIONS = "";
				INFOPLIST_FILE = Haikara/Info.plist;
				IPHONEOS_DEPLOYMENT_TARGET = 8.0;
				LD_RUNPATH_SEARCH_PATHS = "$(inherited) @executable_path/Frameworks";
				MTL_ENABLE_DEBUG_INFO = NO;
				OTHER_SWIFT_FLAGS = "-D DEBUG";
				PRODUCT_BUNDLE_IDENTIFIER = "com.ruleoftech.$(PRODUCT_NAME:rfc1034identifier)";
				PRODUCT_NAME = "${TARGET_NAME}";
				PROVISIONING_PROFILE = "9ce39dbd-7117-4616-a1b4-96bfdaca4382";
				TARGETED_DEVICE_FAMILY = "1,2";
			};
			name = Release;
		};
		36A39C2C1B2E0AE900BE0C77 /* Debug */ = {
			isa = XCBuildConfiguration;
			buildSettings = {
				BUNDLE_LOADER = "$(TEST_HOST)";
				FRAMEWORK_SEARCH_PATHS = (
					"$(SDKROOT)/Developer/Library/Frameworks",
					"$(inherited)",
				);
				GCC_PREPROCESSOR_DEFINITIONS = (
					"DEBUG=1",
					"$(inherited)",
				);
				INFOPLIST_FILE = HaikaraTests/Info.plist;
				LD_RUNPATH_SEARCH_PATHS = "$(inherited) @executable_path/Frameworks @loader_path/Frameworks";
				PRODUCT_BUNDLE_IDENTIFIER = "com.ruleoftech.$(PRODUCT_NAME:rfc1034identifier)";
				PRODUCT_NAME = highkaraTests;
				TEST_HOST = "$(BUILT_PRODUCTS_DIR)/Haikara.app/Haikara";
			};
			name = Debug;
		};
		36A39C2D1B2E0AE900BE0C77 /* Release */ = {
			isa = XCBuildConfiguration;
			buildSettings = {
				BUNDLE_LOADER = "$(TEST_HOST)";
				FRAMEWORK_SEARCH_PATHS = (
					"$(SDKROOT)/Developer/Library/Frameworks",
					"$(inherited)",
				);
				INFOPLIST_FILE = HaikaraTests/Info.plist;
				LD_RUNPATH_SEARCH_PATHS = "$(inherited) @executable_path/Frameworks @loader_path/Frameworks";
				PRODUCT_BUNDLE_IDENTIFIER = "com.ruleoftech.$(PRODUCT_NAME:rfc1034identifier)";
				PRODUCT_NAME = highkaraTests;
				TEST_HOST = "$(BUILT_PRODUCTS_DIR)/Haikara.app/Haikara";
			};
			name = Release;
		};
/* End XCBuildConfiguration section */

/* Begin XCConfigurationList section */
		36A39C041B2E0AE900BE0C77 /* Build configuration list for PBXProject "highkara" */ = {
			isa = XCConfigurationList;
			buildConfigurations = (
				36A39C261B2E0AE900BE0C77 /* Debug */,
				36A39C271B2E0AE900BE0C77 /* Release */,
			);
			defaultConfigurationIsVisible = 0;
			defaultConfigurationName = Release;
		};
		36A39C281B2E0AE900BE0C77 /* Build configuration list for PBXNativeTarget "highkara" */ = {
			isa = XCConfigurationList;
			buildConfigurations = (
				36A39C291B2E0AE900BE0C77 /* Debug */,
				36A39C2A1B2E0AE900BE0C77 /* Release */,
			);
			defaultConfigurationIsVisible = 0;
			defaultConfigurationName = Release;
		};
		36A39C2B1B2E0AE900BE0C77 /* Build configuration list for PBXNativeTarget "highkaraTests" */ = {
			isa = XCConfigurationList;
			buildConfigurations = (
				36A39C2C1B2E0AE900BE0C77 /* Debug */,
				36A39C2D1B2E0AE900BE0C77 /* Release */,
			);
			defaultConfigurationIsVisible = 0;
			defaultConfigurationName = Release;
		};
/* End XCConfigurationList section */
	};
	rootObject = 36A39C011B2E0AE900BE0C77 /* Project object */;
}
