// !$*UTF8*$!
{
	archiveVersion = 1;
	classes = {
	};
	objectVersion = 46;
	objects = {

/* Begin PBXBuildFile section */
		3640BC1C1B32022A003534ED /* Alamofire.framework in Frameworks */ = {isa = PBXBuildFile; fileRef = 3640BC151B320187003534ED /* Alamofire.framework */; };
		3640BC1D1B32022A003534ED /* Alamofire.framework in Embed Frameworks */ = {isa = PBXBuildFile; fileRef = 3640BC151B320187003534ED /* Alamofire.framework */; settings = {ATTRIBUTES = (CodeSignOnCopy, RemoveHeadersOnCopy, ); }; };
		365A04561B3EB2FF0032C5B6 /* haikara_logo_180x180.png in Resources */ = {isa = PBXBuildFile; fileRef = 365A04551B3EB2FF0032C5B6 /* haikara_logo_180x180.png */; };
		365A045B1B3EB9090032C5B6 /* EntryCell.swift in Sources */ = {isa = PBXBuildFile; fileRef = 365A045A1B3EB9090032C5B6 /* EntryCell.swift */; };
		36778F7B1B3760C000F387E0 /* Default-375w-667h@2x~iphone.png in Resources */ = {isa = PBXBuildFile; fileRef = 36778F701B3760C000F387E0 /* Default-375w-667h@2x~iphone.png */; };
		36778F7C1B3760C000F387E0 /* Default-414w-736h@3x~iphone.png in Resources */ = {isa = PBXBuildFile; fileRef = 36778F711B3760C000F387E0 /* Default-414w-736h@3x~iphone.png */; };
		36778F7D1B3760C000F387E0 /* Default-568h@2x~iphone.png in Resources */ = {isa = PBXBuildFile; fileRef = 36778F721B3760C000F387E0 /* Default-568h@2x~iphone.png */; };
		36778F7E1B3760C000F387E0 /* Default-667h@2x~iphone.png in Resources */ = {isa = PBXBuildFile; fileRef = 36778F731B3760C000F387E0 /* Default-667h@2x~iphone.png */; };
		36778F7F1B3760C000F387E0 /* Default-736h@3x~iphone.png in Resources */ = {isa = PBXBuildFile; fileRef = 36778F741B3760C000F387E0 /* Default-736h@3x~iphone.png */; };
		36778F801B3760C000F387E0 /* Default-Landscape@2x~ipad.png in Resources */ = {isa = PBXBuildFile; fileRef = 36778F751B3760C000F387E0 /* Default-Landscape@2x~ipad.png */; };
		36778F811B3760C000F387E0 /* Default-Landscape@3x.png in Resources */ = {isa = PBXBuildFile; fileRef = 36778F761B3760C000F387E0 /* Default-Landscape@3x.png */; };
		36778F821B3760C000F387E0 /* Default-Landscape~ipad.png in Resources */ = {isa = PBXBuildFile; fileRef = 36778F771B3760C000F387E0 /* Default-Landscape~ipad.png */; };
		36778F831B3760C000F387E0 /* Default-Portrait@2x~ipad.png in Resources */ = {isa = PBXBuildFile; fileRef = 36778F781B3760C000F387E0 /* Default-Portrait@2x~ipad.png */; };
		36778F841B3760C000F387E0 /* Default-Portrait~ipad.png in Resources */ = {isa = PBXBuildFile; fileRef = 36778F791B3760C000F387E0 /* Default-Portrait~ipad.png */; };
		36778F851B3760C000F387E0 /* Default@2x~iphone.png in Resources */ = {isa = PBXBuildFile; fileRef = 36778F7A1B3760C000F387E0 /* Default@2x~iphone.png */; };
		36778F881B37651000F387E0 /* iTunesArtwork.png in Resources */ = {isa = PBXBuildFile; fileRef = 36778F861B37651000F387E0 /* iTunesArtwork.png */; };
		36778F891B37651000F387E0 /* iTunesArtwork@2x.png in Resources */ = {isa = PBXBuildFile; fileRef = 36778F871B37651000F387E0 /* iTunesArtwork@2x.png */; };
		36A39C0F1B2E0AE900BE0C77 /* AppDelegate.swift in Sources */ = {isa = PBXBuildFile; fileRef = 36A39C0E1B2E0AE900BE0C77 /* AppDelegate.swift */; };
		36A39C141B2E0AE900BE0C77 /* Main.storyboard in Resources */ = {isa = PBXBuildFile; fileRef = 36A39C121B2E0AE900BE0C77 /* Main.storyboard */; };
		36A39C161B2E0AE900BE0C77 /* Images.xcassets in Resources */ = {isa = PBXBuildFile; fileRef = 36A39C151B2E0AE900BE0C77 /* Images.xcassets */; };
		36A39C251B2E0AE900BE0C77 /* HaikaraTests.swift in Sources */ = {isa = PBXBuildFile; fileRef = 36A39C241B2E0AE900BE0C77 /* HaikaraTests.swift */; };
		36C04C951B2F65DD000921A7 /* NewsItemViewController.swift in Sources */ = {isa = PBXBuildFile; fileRef = 36C04C941B2F65DD000921A7 /* NewsItemViewController.swift */; };
		36C1AFF21B2E32A400D87522 /* ViewController.swift in Sources */ = {isa = PBXBuildFile; fileRef = 36C1AFF11B2E32A400D87522 /* ViewController.swift */; };
		36EAF6E01B3DF58A00FAD6EC /* SlideOutViewController.swift in Sources */ = {isa = PBXBuildFile; fileRef = 36EAF6DF1B3DF58A00FAD6EC /* SlideOutViewController.swift */; };
		36EAF6E51B3DF64000FAD6EC /* DataModels.swift in Sources */ = {isa = PBXBuildFile; fileRef = 36EAF6E41B3DF64000FAD6EC /* DataModels.swift */; };
/* End PBXBuildFile section */

/* Begin PBXContainerItemProxy section */
		3640BC141B320187003534ED /* PBXContainerItemProxy */ = {
			isa = PBXContainerItemProxy;
			containerPortal = 3640BC0D1B320186003534ED /* Alamofire.xcodeproj */;
			proxyType = 2;
			remoteGlobalIDString = F8111E3319A95C8B0040E7D1;
			remoteInfo = "Alamofire iOS";
		};
		3640BC161B320187003534ED /* PBXContainerItemProxy */ = {
			isa = PBXContainerItemProxy;
			containerPortal = 3640BC0D1B320186003534ED /* Alamofire.xcodeproj */;
			proxyType = 2;
			remoteGlobalIDString = 4DD67C0B1A5C55C900ED2280;
			remoteInfo = "Alamofire OSX";
		};
		3640BC181B320187003534ED /* PBXContainerItemProxy */ = {
			isa = PBXContainerItemProxy;
			containerPortal = 3640BC0D1B320186003534ED /* Alamofire.xcodeproj */;
			proxyType = 2;
			remoteGlobalIDString = F8111E3E19A95C8B0040E7D1;
			remoteInfo = "Alamofire iOS Tests";
		};
		3640BC1A1B320187003534ED /* PBXContainerItemProxy */ = {
			isa = PBXContainerItemProxy;
			containerPortal = 3640BC0D1B320186003534ED /* Alamofire.xcodeproj */;
			proxyType = 2;
			remoteGlobalIDString = F829C6B21A7A94F100A2CD59;
			remoteInfo = "Alamofire OSX Tests";
		};
		3640BC1E1B32022A003534ED /* PBXContainerItemProxy */ = {
			isa = PBXContainerItemProxy;
			containerPortal = 3640BC0D1B320186003534ED /* Alamofire.xcodeproj */;
			proxyType = 1;
			remoteGlobalIDString = F8111E3219A95C8B0040E7D1;
			remoteInfo = "Alamofire iOS";
		};
		36A39C1F1B2E0AE900BE0C77 /* PBXContainerItemProxy */ = {
			isa = PBXContainerItemProxy;
			containerPortal = 36A39C011B2E0AE900BE0C77 /* Project object */;
			proxyType = 1;
			remoteGlobalIDString = 36A39C081B2E0AE900BE0C77;
			remoteInfo = Haikara;
		};
/* End PBXContainerItemProxy section */

/* Begin PBXCopyFilesBuildPhase section */
		36C2D5961B316F7600ADD31F /* Embed Frameworks */ = {
			isa = PBXCopyFilesBuildPhase;
			buildActionMask = 2147483647;
			dstPath = "";
			dstSubfolderSpec = 10;
			files = (
				3640BC1D1B32022A003534ED /* Alamofire.framework in Embed Frameworks */,
			);
			name = "Embed Frameworks";
			runOnlyForDeploymentPostprocessing = 0;
		};
/* End PBXCopyFilesBuildPhase section */

/* Begin PBXFileReference section */
		3640BC0D1B320186003534ED /* Alamofire.xcodeproj */ = {isa = PBXFileReference; lastKnownFileType = "wrapper.pb-project"; name = Alamofire.xcodeproj; path = Alamofire/Alamofire.xcodeproj; sourceTree = "<group>"; };
		365A04551B3EB2FF0032C5B6 /* haikara_logo_180x180.png */ = {isa = PBXFileReference; lastKnownFileType = image.png; path = haikara_logo_180x180.png; sourceTree = "<group>"; };
		365A045A1B3EB9090032C5B6 /* EntryCell.swift */ = {isa = PBXFileReference; fileEncoding = 4; lastKnownFileType = sourcecode.swift; path = EntryCell.swift; sourceTree = "<group>"; };
		36778F701B3760C000F387E0 /* Default-375w-667h@2x~iphone.png */ = {isa = PBXFileReference; lastKnownFileType = image.png; path = "Default-375w-667h@2x~iphone.png"; sourceTree = "<group>"; };
		36778F711B3760C000F387E0 /* Default-414w-736h@3x~iphone.png */ = {isa = PBXFileReference; lastKnownFileType = image.png; path = "Default-414w-736h@3x~iphone.png"; sourceTree = "<group>"; };
		36778F721B3760C000F387E0 /* Default-568h@2x~iphone.png */ = {isa = PBXFileReference; lastKnownFileType = image.png; path = "Default-568h@2x~iphone.png"; sourceTree = "<group>"; };
		36778F731B3760C000F387E0 /* Default-667h@2x~iphone.png */ = {isa = PBXFileReference; lastKnownFileType = image.png; path = "Default-667h@2x~iphone.png"; sourceTree = "<group>"; };
		36778F741B3760C000F387E0 /* Default-736h@3x~iphone.png */ = {isa = PBXFileReference; lastKnownFileType = image.png; path = "Default-736h@3x~iphone.png"; sourceTree = "<group>"; };
		36778F751B3760C000F387E0 /* Default-Landscape@2x~ipad.png */ = {isa = PBXFileReference; lastKnownFileType = image.png; path = "Default-Landscape@2x~ipad.png"; sourceTree = "<group>"; };
		36778F761B3760C000F387E0 /* Default-Landscape@3x.png */ = {isa = PBXFileReference; lastKnownFileType = image.png; path = "Default-Landscape@3x.png"; sourceTree = "<group>"; };
		36778F771B3760C000F387E0 /* Default-Landscape~ipad.png */ = {isa = PBXFileReference; lastKnownFileType = image.png; path = "Default-Landscape~ipad.png"; sourceTree = "<group>"; };
		36778F781B3760C000F387E0 /* Default-Portrait@2x~ipad.png */ = {isa = PBXFileReference; lastKnownFileType = image.png; path = "Default-Portrait@2x~ipad.png"; sourceTree = "<group>"; };
		36778F791B3760C000F387E0 /* Default-Portrait~ipad.png */ = {isa = PBXFileReference; lastKnownFileType = image.png; path = "Default-Portrait~ipad.png"; sourceTree = "<group>"; };
		36778F7A1B3760C000F387E0 /* Default@2x~iphone.png */ = {isa = PBXFileReference; lastKnownFileType = image.png; path = "Default@2x~iphone.png"; sourceTree = "<group>"; };
		36778F861B37651000F387E0 /* iTunesArtwork.png */ = {isa = PBXFileReference; lastKnownFileType = image.png; path = iTunesArtwork.png; sourceTree = "<group>"; };
		36778F871B37651000F387E0 /* iTunesArtwork@2x.png */ = {isa = PBXFileReference; lastKnownFileType = image.png; path = "iTunesArtwork@2x.png"; sourceTree = "<group>"; };
		36A39C091B2E0AE900BE0C77 /* Haikara.app */ = {isa = PBXFileReference; explicitFileType = wrapper.application; includeInIndex = 0; path = Haikara.app; sourceTree = BUILT_PRODUCTS_DIR; };
		36A39C0D1B2E0AE900BE0C77 /* Info.plist */ = {isa = PBXFileReference; lastKnownFileType = text.plist.xml; path = Info.plist; sourceTree = "<group>"; };
		36A39C0E1B2E0AE900BE0C77 /* AppDelegate.swift */ = {isa = PBXFileReference; lastKnownFileType = sourcecode.swift; path = AppDelegate.swift; sourceTree = "<group>"; };
		36A39C131B2E0AE900BE0C77 /* Base */ = {isa = PBXFileReference; lastKnownFileType = file.storyboard; name = Base; path = Base.lproj/Main.storyboard; sourceTree = "<group>"; };
		36A39C151B2E0AE900BE0C77 /* Images.xcassets */ = {isa = PBXFileReference; lastKnownFileType = folder.assetcatalog; path = Images.xcassets; sourceTree = "<group>"; };
		36A39C1E1B2E0AE900BE0C77 /* HaikaraTests.xctest */ = {isa = PBXFileReference; explicitFileType = wrapper.cfbundle; includeInIndex = 0; path = HaikaraTests.xctest; sourceTree = BUILT_PRODUCTS_DIR; };
		36A39C231B2E0AE900BE0C77 /* Info.plist */ = {isa = PBXFileReference; lastKnownFileType = text.plist.xml; path = Info.plist; sourceTree = "<group>"; };
		36A39C241B2E0AE900BE0C77 /* HaikaraTests.swift */ = {isa = PBXFileReference; lastKnownFileType = sourcecode.swift; path = HaikaraTests.swift; sourceTree = "<group>"; };
		36C04C941B2F65DD000921A7 /* NewsItemViewController.swift */ = {isa = PBXFileReference; fileEncoding = 4; lastKnownFileType = sourcecode.swift; path = NewsItemViewController.swift; sourceTree = "<group>"; };
		36C1AFF11B2E32A400D87522 /* ViewController.swift */ = {isa = PBXFileReference; fileEncoding = 4; lastKnownFileType = sourcecode.swift; path = ViewController.swift; sourceTree = "<group>"; usesTabs = 1; };
		36EAF6DF1B3DF58A00FAD6EC /* SlideOutViewController.swift */ = {isa = PBXFileReference; fileEncoding = 4; lastKnownFileType = sourcecode.swift; path = SlideOutViewController.swift; sourceTree = "<group>"; };
		36EAF6E41B3DF64000FAD6EC /* DataModels.swift */ = {isa = PBXFileReference; fileEncoding = 4; lastKnownFileType = sourcecode.swift; path = DataModels.swift; sourceTree = "<group>"; };
/* End PBXFileReference section */

/* Begin PBXFrameworksBuildPhase section */
		36A39C061B2E0AE900BE0C77 /* Frameworks */ = {
			isa = PBXFrameworksBuildPhase;
			buildActionMask = 2147483647;
			files = (
				3640BC1C1B32022A003534ED /* Alamofire.framework in Frameworks */,
			);
			runOnlyForDeploymentPostprocessing = 0;
		};
		36A39C1B1B2E0AE900BE0C77 /* Frameworks */ = {
			isa = PBXFrameworksBuildPhase;
			buildActionMask = 2147483647;
			files = (
			);
			runOnlyForDeploymentPostprocessing = 0;
		};
/* End PBXFrameworksBuildPhase section */

/* Begin PBXGroup section */
		3640BC0E1B320186003534ED /* Products */ = {
			isa = PBXGroup;
			children = (
				3640BC151B320187003534ED /* Alamofire.framework */,
				3640BC171B320187003534ED /* Alamofire.framework */,
				3640BC191B320187003534ED /* Alamofire iOS Tests.xctest */,
				3640BC1B1B320187003534ED /* Alamofire OSX Tests.xctest */,
			);
			name = Products;
			sourceTree = "<group>";
		};
		36778F6F1B3760C000F387E0 /* Resources */ = {
			isa = PBXGroup;
			children = (
				365A04551B3EB2FF0032C5B6 /* haikara_logo_180x180.png */,
				36778F861B37651000F387E0 /* iTunesArtwork.png */,
				36778F871B37651000F387E0 /* iTunesArtwork@2x.png */,
				36778F701B3760C000F387E0 /* Default-375w-667h@2x~iphone.png */,
				36778F711B3760C000F387E0 /* Default-414w-736h@3x~iphone.png */,
				36778F721B3760C000F387E0 /* Default-568h@2x~iphone.png */,
				36778F731B3760C000F387E0 /* Default-667h@2x~iphone.png */,
				36778F741B3760C000F387E0 /* Default-736h@3x~iphone.png */,
				36778F751B3760C000F387E0 /* Default-Landscape@2x~ipad.png */,
				36778F761B3760C000F387E0 /* Default-Landscape@3x.png */,
				36778F771B3760C000F387E0 /* Default-Landscape~ipad.png */,
				36778F781B3760C000F387E0 /* Default-Portrait@2x~ipad.png */,
				36778F791B3760C000F387E0 /* Default-Portrait~ipad.png */,
				36778F7A1B3760C000F387E0 /* Default@2x~iphone.png */,
			);
			path = Resources;
			sourceTree = "<group>";
		};
		36A39C001B2E0AE900BE0C77 = {
			isa = PBXGroup;
			children = (
				3640BC0D1B320186003534ED /* Alamofire.xcodeproj */,
				36A39C0B1B2E0AE900BE0C77 /* Haikara */,
				36A39C211B2E0AE900BE0C77 /* HaikaraTests */,
				36A39C0A1B2E0AE900BE0C77 /* Products */,
			);
			sourceTree = "<group>";
		};
		36A39C0A1B2E0AE900BE0C77 /* Products */ = {
			isa = PBXGroup;
			children = (
				36A39C091B2E0AE900BE0C77 /* Haikara.app */,
				36A39C1E1B2E0AE900BE0C77 /* HaikaraTests.xctest */,
			);
			name = Products;
			sourceTree = "<group>";
		};
		36A39C0B1B2E0AE900BE0C77 /* Haikara */ = {
			isa = PBXGroup;
			children = (
				36778F6F1B3760C000F387E0 /* Resources */,
				36C1AFF11B2E32A400D87522 /* ViewController.swift */,
				36A39C0E1B2E0AE900BE0C77 /* AppDelegate.swift */,
				36A39C121B2E0AE900BE0C77 /* Main.storyboard */,
				36A39C151B2E0AE900BE0C77 /* Images.xcassets */,
				36A39C0C1B2E0AE900BE0C77 /* Supporting Files */,
				36C04C941B2F65DD000921A7 /* NewsItemViewController.swift */,
				36EAF6DF1B3DF58A00FAD6EC /* SlideOutViewController.swift */,
				36EAF6E41B3DF64000FAD6EC /* DataModels.swift */,
				365A045A1B3EB9090032C5B6 /* EntryCell.swift */,
			);
			path = Haikara;
			sourceTree = "<group>";
		};
		36A39C0C1B2E0AE900BE0C77 /* Supporting Files */ = {
			isa = PBXGroup;
			children = (
				36A39C0D1B2E0AE900BE0C77 /* Info.plist */,
			);
			name = "Supporting Files";
			sourceTree = "<group>";
		};
		36A39C211B2E0AE900BE0C77 /* HaikaraTests */ = {
			isa = PBXGroup;
			children = (
				36A39C241B2E0AE900BE0C77 /* HaikaraTests.swift */,
				36A39C221B2E0AE900BE0C77 /* Supporting Files */,
			);
			path = HaikaraTests;
			sourceTree = "<group>";
		};
		36A39C221B2E0AE900BE0C77 /* Supporting Files */ = {
			isa = PBXGroup;
			children = (
				36A39C231B2E0AE900BE0C77 /* Info.plist */,
			);
			name = "Supporting Files";
			sourceTree = "<group>";
		};
/* End PBXGroup section */

/* Begin PBXNativeTarget section */
		36A39C081B2E0AE900BE0C77 /* Haikara */ = {
			isa = PBXNativeTarget;
			buildConfigurationList = 36A39C281B2E0AE900BE0C77 /* Build configuration list for PBXNativeTarget "Haikara" */;
			buildPhases = (
				36A39C051B2E0AE900BE0C77 /* Sources */,
				36A39C061B2E0AE900BE0C77 /* Frameworks */,
				36A39C071B2E0AE900BE0C77 /* Resources */,
				36C2D5961B316F7600ADD31F /* Embed Frameworks */,
			);
			buildRules = (
			);
			dependencies = (
				3640BC1F1B32022A003534ED /* PBXTargetDependency */,
			);
			name = Haikara;
			productName = Haikara;
			productReference = 36A39C091B2E0AE900BE0C77 /* Haikara.app */;
			productType = "com.apple.product-type.application";
		};
		36A39C1D1B2E0AE900BE0C77 /* HaikaraTests */ = {
			isa = PBXNativeTarget;
			buildConfigurationList = 36A39C2B1B2E0AE900BE0C77 /* Build configuration list for PBXNativeTarget "HaikaraTests" */;
			buildPhases = (
				36A39C1A1B2E0AE900BE0C77 /* Sources */,
				36A39C1B1B2E0AE900BE0C77 /* Frameworks */,
				36A39C1C1B2E0AE900BE0C77 /* Resources */,
			);
			buildRules = (
			);
			dependencies = (
				36A39C201B2E0AE900BE0C77 /* PBXTargetDependency */,
			);
			name = HaikaraTests;
			productName = HaikaraTests;
			productReference = 36A39C1E1B2E0AE900BE0C77 /* HaikaraTests.xctest */;
			productType = "com.apple.product-type.bundle.unit-test";
		};
/* End PBXNativeTarget section */

/* Begin PBXProject section */
		36A39C011B2E0AE900BE0C77 /* Project object */ = {
			isa = PBXProject;
			attributes = {
				LastUpgradeCheck = 0630;
				ORGANIZATIONNAME = "Rule of tech";
				TargetAttributes = {
					36A39C081B2E0AE900BE0C77 = {
						CreatedOnToolsVersion = 6.3.2;
					};
					36A39C1D1B2E0AE900BE0C77 = {
						CreatedOnToolsVersion = 6.3.2;
						TestTargetID = 36A39C081B2E0AE900BE0C77;
					};
				};
			};
			buildConfigurationList = 36A39C041B2E0AE900BE0C77 /* Build configuration list for PBXProject "Haikara" */;
			compatibilityVersion = "Xcode 3.2";
			developmentRegion = English;
			hasScannedForEncodings = 0;
			knownRegions = (
				en,
				Base,
			);
			mainGroup = 36A39C001B2E0AE900BE0C77;
			productRefGroup = 36A39C0A1B2E0AE900BE0C77 /* Products */;
			projectDirPath = "";
			projectReferences = (
				{
					ProductGroup = 3640BC0E1B320186003534ED /* Products */;
					ProjectRef = 3640BC0D1B320186003534ED /* Alamofire.xcodeproj */;
				},
			);
			projectRoot = "";
			targets = (
				36A39C081B2E0AE900BE0C77 /* Haikara */,
				36A39C1D1B2E0AE900BE0C77 /* HaikaraTests */,
			);
		};
/* End PBXProject section */

/* Begin PBXReferenceProxy section */
		3640BC151B320187003534ED /* Alamofire.framework */ = {
			isa = PBXReferenceProxy;
			fileType = wrapper.framework;
			path = Alamofire.framework;
			remoteRef = 3640BC141B320187003534ED /* PBXContainerItemProxy */;
			sourceTree = BUILT_PRODUCTS_DIR;
		};
		3640BC171B320187003534ED /* Alamofire.framework */ = {
			isa = PBXReferenceProxy;
			fileType = wrapper.framework;
			path = Alamofire.framework;
			remoteRef = 3640BC161B320187003534ED /* PBXContainerItemProxy */;
			sourceTree = BUILT_PRODUCTS_DIR;
		};
		3640BC191B320187003534ED /* Alamofire iOS Tests.xctest */ = {
			isa = PBXReferenceProxy;
			fileType = wrapper.cfbundle;
			path = "Alamofire iOS Tests.xctest";
			remoteRef = 3640BC181B320187003534ED /* PBXContainerItemProxy */;
			sourceTree = BUILT_PRODUCTS_DIR;
		};
		3640BC1B1B320187003534ED /* Alamofire OSX Tests.xctest */ = {
			isa = PBXReferenceProxy;
			fileType = wrapper.cfbundle;
			path = "Alamofire OSX Tests.xctest";
			remoteRef = 3640BC1A1B320187003534ED /* PBXContainerItemProxy */;
			sourceTree = BUILT_PRODUCTS_DIR;
		};
/* End PBXReferenceProxy section */

/* Begin PBXResourcesBuildPhase section */
		36A39C071B2E0AE900BE0C77 /* Resources */ = {
			isa = PBXResourcesBuildPhase;
			buildActionMask = 2147483647;
			files = (
				36A39C141B2E0AE900BE0C77 /* Main.storyboard in Resources */,
				36778F891B37651000F387E0 /* iTunesArtwork@2x.png in Resources */,
				36778F7D1B3760C000F387E0 /* Default-568h@2x~iphone.png in Resources */,
				36778F7C1B3760C000F387E0 /* Default-414w-736h@3x~iphone.png in Resources */,
				36778F801B3760C000F387E0 /* Default-Landscape@2x~ipad.png in Resources */,
				365A04561B3EB2FF0032C5B6 /* haikara_logo_180x180.png in Resources */,
				36778F821B3760C000F387E0 /* Default-Landscape~ipad.png in Resources */,
				36778F831B3760C000F387E0 /* Default-Portrait@2x~ipad.png in Resources */,
				36778F811B3760C000F387E0 /* Default-Landscape@3x.png in Resources */,
				36778F7F1B3760C000F387E0 /* Default-736h@3x~iphone.png in Resources */,
				36778F7B1B3760C000F387E0 /* Default-375w-667h@2x~iphone.png in Resources */,
				36A39C161B2E0AE900BE0C77 /* Images.xcassets in Resources */,
				36778F881B37651000F387E0 /* iTunesArtwork.png in Resources */,
				36778F851B3760C000F387E0 /* Default@2x~iphone.png in Resources */,
				36778F7E1B3760C000F387E0 /* Default-667h@2x~iphone.png in Resources */,
				36778F841B3760C000F387E0 /* Default-Portrait~ipad.png in Resources */,
			);
			runOnlyForDeploymentPostprocessing = 0;
		};
		36A39C1C1B2E0AE900BE0C77 /* Resources */ = {
			isa = PBXResourcesBuildPhase;
			buildActionMask = 2147483647;
			files = (
			);
			runOnlyForDeploymentPostprocessing = 0;
		};
/* End PBXResourcesBuildPhase section */

/* Begin PBXSourcesBuildPhase section */
		36A39C051B2E0AE900BE0C77 /* Sources */ = {
			isa = PBXSourcesBuildPhase;
			buildActionMask = 2147483647;
			files = (
				36C04C951B2F65DD000921A7 /* NewsItemViewController.swift in Sources */,
				36C1AFF21B2E32A400D87522 /* ViewController.swift in Sources */,
				36EAF6E51B3DF64000FAD6EC /* DataModels.swift in Sources */,
				36A39C0F1B2E0AE900BE0C77 /* AppDelegate.swift in Sources */,
				365A045B1B3EB9090032C5B6 /* EntryCell.swift in Sources */,
				36EAF6E01B3DF58A00FAD6EC /* SlideOutViewController.swift in Sources */,
			);
			runOnlyForDeploymentPostprocessing = 0;
		};
		36A39C1A1B2E0AE900BE0C77 /* Sources */ = {
			isa = PBXSourcesBuildPhase;
			buildActionMask = 2147483647;
			files = (
				36A39C251B2E0AE900BE0C77 /* HaikaraTests.swift in Sources */,
			);
			runOnlyForDeploymentPostprocessing = 0;
		};
/* End PBXSourcesBuildPhase section */

/* Begin PBXTargetDependency section */
		3640BC1F1B32022A003534ED /* PBXTargetDependency */ = {
			isa = PBXTargetDependency;
			name = "Alamofire iOS";
			targetProxy = 3640BC1E1B32022A003534ED /* PBXContainerItemProxy */;
		};
		36A39C201B2E0AE900BE0C77 /* PBXTargetDependency */ = {
			isa = PBXTargetDependency;
			target = 36A39C081B2E0AE900BE0C77 /* Haikara */;
			targetProxy = 36A39C1F1B2E0AE900BE0C77 /* PBXContainerItemProxy */;
		};
/* End PBXTargetDependency section */

/* Begin PBXVariantGroup section */
		36A39C121B2E0AE900BE0C77 /* Main.storyboard */ = {
			isa = PBXVariantGroup;
			children = (
				36A39C131B2E0AE900BE0C77 /* Base */,
			);
			name = Main.storyboard;
			sourceTree = "<group>";
		};
/* End PBXVariantGroup section */

/* Begin XCBuildConfiguration section */
		36A39C261B2E0AE900BE0C77 /* Debug */ = {
			isa = XCBuildConfiguration;
			buildSettings = {
				ALWAYS_SEARCH_USER_PATHS = NO;
				CLANG_CXX_LANGUAGE_STANDARD = "gnu++0x";
				CLANG_CXX_LIBRARY = "libc++";
				CLANG_ENABLE_MODULES = YES;
				CLANG_ENABLE_OBJC_ARC = YES;
				CLANG_WARN_BOOL_CONVERSION = YES;
				CLANG_WARN_CONSTANT_CONVERSION = YES;
				CLANG_WARN_DIRECT_OBJC_ISA_USAGE = YES_ERROR;
				CLANG_WARN_EMPTY_BODY = YES;
				CLANG_WARN_ENUM_CONVERSION = YES;
				CLANG_WARN_INT_CONVERSION = YES;
				CLANG_WARN_OBJC_ROOT_CLASS = YES_ERROR;
				CLANG_WARN_UNREACHABLE_CODE = YES;
				CLANG_WARN__DUPLICATE_METHOD_MATCH = YES;
				"CODE_SIGN_IDENTITY[sdk=iphoneos*]" = "iPhone Developer";
				COPY_PHASE_STRIP = NO;
				DEBUG_INFORMATION_FORMAT = "dwarf-with-dsym";
				ENABLE_STRICT_OBJC_MSGSEND = YES;
				GCC_C_LANGUAGE_STANDARD = gnu99;
				GCC_DYNAMIC_NO_PIC = NO;
				GCC_NO_COMMON_BLOCKS = YES;
				GCC_OPTIMIZATION_LEVEL = 0;
				GCC_PREPROCESSOR_DEFINITIONS = (
					"DEBUG=1",
					"$(inherited)",
				);
				GCC_SYMBOLS_PRIVATE_EXTERN = NO;
				GCC_WARN_64_TO_32_BIT_CONVERSION = YES;
				GCC_WARN_ABOUT_RETURN_TYPE = YES_ERROR;
				GCC_WARN_UNDECLARED_SELECTOR = YES;
				GCC_WARN_UNINITIALIZED_AUTOS = YES_AGGRESSIVE;
				GCC_WARN_UNUSED_FUNCTION = YES;
				GCC_WARN_UNUSED_VARIABLE = YES;
				IPHONEOS_DEPLOYMENT_TARGET = 8.3;
				MTL_ENABLE_DEBUG_INFO = YES;
				ONLY_ACTIVE_ARCH = YES;
				SDKROOT = iphoneos;
				SWIFT_OPTIMIZATION_LEVEL = "-Onone";
				TARGETED_DEVICE_FAMILY = "1,2";
			};
			name = Debug;
		};
		36A39C271B2E0AE900BE0C77 /* Release */ = {
			isa = XCBuildConfiguration;
			buildSettings = {
				ALWAYS_SEARCH_USER_PATHS = NO;
				CLANG_CXX_LANGUAGE_STANDARD = "gnu++0x";
				CLANG_CXX_LIBRARY = "libc++";
				CLANG_ENABLE_MODULES = YES;
				CLANG_ENABLE_OBJC_ARC = YES;
				CLANG_WARN_BOOL_CONVERSION = YES;
				CLANG_WARN_CONSTANT_CONVERSION = YES;
				CLANG_WARN_DIRECT_OBJC_ISA_USAGE = YES_ERROR;
				CLANG_WARN_EMPTY_BODY = YES;
				CLANG_WARN_ENUM_CONVERSION = YES;
				CLANG_WARN_INT_CONVERSION = YES;
				CLANG_WARN_OBJC_ROOT_CLASS = YES_ERROR;
				CLANG_WARN_UNREACHABLE_CODE = YES;
				CLANG_WARN__DUPLICATE_METHOD_MATCH = YES;
				"CODE_SIGN_IDENTITY[sdk=iphoneos*]" = "iPhone Developer";
				COPY_PHASE_STRIP = NO;
				DEBUG_INFORMATION_FORMAT = "dwarf-with-dsym";
				ENABLE_NS_ASSERTIONS = NO;
				ENABLE_STRICT_OBJC_MSGSEND = YES;
				GCC_C_LANGUAGE_STANDARD = gnu99;
				GCC_NO_COMMON_BLOCKS = YES;
				GCC_WARN_64_TO_32_BIT_CONVERSION = YES;
				GCC_WARN_ABOUT_RETURN_TYPE = YES_ERROR;
				GCC_WARN_UNDECLARED_SELECTOR = YES;
				GCC_WARN_UNINITIALIZED_AUTOS = YES_AGGRESSIVE;
				GCC_WARN_UNUSED_FUNCTION = YES;
				GCC_WARN_UNUSED_VARIABLE = YES;
				IPHONEOS_DEPLOYMENT_TARGET = 8.3;
				MTL_ENABLE_DEBUG_INFO = NO;
				SDKROOT = iphoneos;
				TARGETED_DEVICE_FAMILY = "1,2";
				VALIDATE_PRODUCT = YES;
			};
			name = Release;
		};
		36A39C291B2E0AE900BE0C77 /* Debug */ = {
			isa = XCBuildConfiguration;
			buildSettings = {
				ASSETCATALOG_COMPILER_APPICON_NAME = AppIcon;
				FRAMEWORK_SEARCH_PATHS = (
					"$(inherited)",
					"$(PROJECT_DIR)/Carthage/Build/iOS",
				);
				INFOPLIST_FILE = Haikara/Info.plist;
				IPHONEOS_DEPLOYMENT_TARGET = 8.0;
				LD_RUNPATH_SEARCH_PATHS = "$(inherited) @executable_path/Frameworks";
				MTL_ENABLE_DEBUG_INFO = YES;
				PRODUCT_NAME = "$(TARGET_NAME)";
				TARGETED_DEVICE_FAMILY = "1,2";
			};
			name = Debug;
		};
		36A39C2A1B2E0AE900BE0C77 /* Release */ = {
			isa = XCBuildConfiguration;
			buildSettings = {
				ASSETCATALOG_COMPILER_APPICON_NAME = AppIcon;
				FRAMEWORK_SEARCH_PATHS = (
					"$(inherited)",
					"$(PROJECT_DIR)/Carthage/Build/iOS",
				);
				INFOPLIST_FILE = Haikara/Info.plist;
				IPHONEOS_DEPLOYMENT_TARGET = 8.0;
				LD_RUNPATH_SEARCH_PATHS = "$(inherited) @executable_path/Frameworks";
				MTL_ENABLE_DEBUG_INFO = NO;
				PRODUCT_NAME = "$(TARGET_NAME)";
				TARGETED_DEVICE_FAMILY = "1,2";
			};
			name = Release;
		};
		36A39C2C1B2E0AE900BE0C77 /* Debug */ = {
			isa = XCBuildConfiguration;
			buildSettings = {
				BUNDLE_LOADER = "$(TEST_HOST)";
				FRAMEWORK_SEARCH_PATHS = (
					"$(SDKROOT)/Developer/Library/Frameworks",
					"$(inherited)",
				);
				GCC_PREPROCESSOR_DEFINITIONS = (
					"DEBUG=1",
					"$(inherited)",
				);
				INFOPLIST_FILE = HaikaraTests/Info.plist;
				LD_RUNPATH_SEARCH_PATHS = "$(inherited) @executable_path/Frameworks @loader_path/Frameworks";
				PRODUCT_NAME = "$(TARGET_NAME)";
				TEST_HOST = "$(BUILT_PRODUCTS_DIR)/Haikara.app/Haikara";
			};
			name = Debug;
		};
		36A39C2D1B2E0AE900BE0C77 /* Release */ = {
			isa = XCBuildConfiguration;
			buildSettings = {
				BUNDLE_LOADER = "$(TEST_HOST)";
				FRAMEWORK_SEARCH_PATHS = (
					"$(SDKROOT)/Developer/Library/Frameworks",
					"$(inherited)",
				);
				INFOPLIST_FILE = HaikaraTests/Info.plist;
				LD_RUNPATH_SEARCH_PATHS = "$(inherited) @executable_path/Frameworks @loader_path/Frameworks";
				PRODUCT_NAME = "$(TARGET_NAME)";
				TEST_HOST = "$(BUILT_PRODUCTS_DIR)/Haikara.app/Haikara";
			};
			name = Release;
		};
/* End XCBuildConfiguration section */

/* Begin XCConfigurationList section */
		36A39C041B2E0AE900BE0C77 /* Build configuration list for PBXProject "Haikara" */ = {
			isa = XCConfigurationList;
			buildConfigurations = (
				36A39C261B2E0AE900BE0C77 /* Debug */,
				36A39C271B2E0AE900BE0C77 /* Release */,
			);
			defaultConfigurationIsVisible = 0;
			defaultConfigurationName = Release;
		};
		36A39C281B2E0AE900BE0C77 /* Build configuration list for PBXNativeTarget "Haikara" */ = {
			isa = XCConfigurationList;
			buildConfigurations = (
				36A39C291B2E0AE900BE0C77 /* Debug */,
				36A39C2A1B2E0AE900BE0C77 /* Release */,
			);
			defaultConfigurationIsVisible = 0;
			defaultConfigurationName = Release;
		};
		36A39C2B1B2E0AE900BE0C77 /* Build configuration list for PBXNativeTarget "HaikaraTests" */ = {
			isa = XCConfigurationList;
			buildConfigurations = (
				36A39C2C1B2E0AE900BE0C77 /* Debug */,
				36A39C2D1B2E0AE900BE0C77 /* Release */,
			);
			defaultConfigurationIsVisible = 0;
			defaultConfigurationName = Release;
		};
/* End XCConfigurationList section */
	};
	rootObject = 36A39C011B2E0AE900BE0C77 /* Project object */;
}
